// !$*UTF8*$!
{
	archiveVersion = 1;
	classes = {
	};
	objectVersion = 46;
	objects = {

/* Begin PBXBuildFile section */
		093AEADD13E10759003E9F58 /* EXTPair.m in Sources */ = {isa = PBXBuildFile; fileRef = 093AEADC13E10759003E9F58 /* EXTPair.m */; };
		143F3DFE176D615100FB92B3 /* EXTUtilities.m in Sources */ = {isa = PBXBuildFile; fileRef = 143F3DFD176D615100FB92B3 /* EXTUtilities.m */; };
		1460B40C17B735BD00B575E3 /* EXTPreferencesWindowController.m in Sources */ = {isa = PBXBuildFile; fileRef = 1460B40B17B735BD00B575E3 /* EXTPreferencesWindowController.m */; };
		1460B40E17B7360700B575E3 /* EXTPreferences.xib in Resources */ = {isa = PBXBuildFile; fileRef = 1460B40D17B7360700B575E3 /* EXTPreferences.xib */; };
		1462B38B17D19D4A00BFDF50 /* EXTToolboxView.m in Sources */ = {isa = PBXBuildFile; fileRef = 1462B38A17D19D4A00BFDF50 /* EXTToolboxView.m */; };
		1467B26E178CF15E0084A2F6 /* EXTDocumentInspectorView.m in Sources */ = {isa = PBXBuildFile; fileRef = 1467B26D178CF15E0084A2F6 /* EXTDocumentInspectorView.m */; };
		1467B272178D13A80084A2F6 /* QuartzCore.framework in Frameworks */ = {isa = PBXBuildFile; fileRef = 1467B271178D13A80084A2F6 /* QuartzCore.framework */; };
		14741D7217B7535A00AF73D9 /* NSUserDefaults+EXTAdditions.m in Sources */ = {isa = PBXBuildFile; fileRef = 14741D7117B7535A00AF73D9 /* NSUserDefaults+EXTAdditions.m */; };
		149314581783B6EB0080EF28 /* EXTDocumentControlsView.m in Sources */ = {isa = PBXBuildFile; fileRef = 149314571783B6EA0080EF28 /* EXTDocumentControlsView.m */; };
		149831A017AE04F3000380A5 /* EXTNewDocumentWindowController.m in Sources */ = {isa = PBXBuildFile; fileRef = 1498319E17AE04F3000380A5 /* EXTNewDocumentWindowController.m */; };
		149831A117AE04F3000380A5 /* EXTNewDocument.xib in Resources */ = {isa = PBXBuildFile; fileRef = 1498319F17AE04F3000380A5 /* EXTNewDocument.xib */; };
		149831A617AE65EA000380A5 /* A1MSS Example.pdf in Resources */ = {isa = PBXBuildFile; fileRef = 149831A217AE65EA000380A5 /* A1MSS Example.pdf */; };
		149831A717AE65EA000380A5 /* KUhC2 Example.pdf in Resources */ = {isa = PBXBuildFile; fileRef = 149831A317AE65EA000380A5 /* KUhC2 Example.pdf */; };
		149831A817AE65EA000380A5 /* Random Example.pdf in Resources */ = {isa = PBXBuildFile; fileRef = 149831A417AE65EA000380A5 /* Random Example.pdf */; };
		149831A917AE65EA000380A5 /* S5 Example.pdf in Resources */ = {isa = PBXBuildFile; fileRef = 149831A517AE65EA000380A5 /* S5 Example.pdf */; };
		14CCA38C1794F21D002EF861 /* ArtBoardTool.pdf in Resources */ = {isa = PBXBuildFile; fileRef = 14CCA3891794F21D002EF861 /* ArtBoardTool.pdf */; };
		14CCA38E1794F21D002EF861 /* Ext Chart.iconset in Resources */ = {isa = PBXBuildFile; fileRef = 14CCA38B1794F21D002EF861 /* Ext Chart.iconset */; };
		14CD477117F00273007D71F1 /* EXTMarquee.m in Sources */ = {isa = PBXBuildFile; fileRef = 14CD477017F00273007D71F1 /* EXTMarquee.m */; };
		14D78E5D17B5E44000B1BB52 /* EXTChartViewController.m in Sources */ = {isa = PBXBuildFile; fileRef = 14D78E5C17B5E44000B1BB52 /* EXTChartViewController.m */; };
		14E757CD17BF128F008BED48 /* EXTGridInspectorViewController.m in Sources */ = {isa = PBXBuildFile; fileRef = 14E757CC17BF128F008BED48 /* EXTGridInspectorViewController.m */; };
		14EF1A6B17584C080012DD3C /* EXTDocumentWindowController.m in Sources */ = {isa = PBXBuildFile; fileRef = 14EF1A6A17584C080012DD3C /* EXTDocumentWindowController.m */; };
		14F16A1617D34EE5002EACD3 /* NSKeyedArchiver+EXTAdditions.m in Sources */ = {isa = PBXBuildFile; fileRef = 14F16A1517D34EE5002EACD3 /* NSKeyedArchiver+EXTAdditions.m */; };
		14F930BB17BF39EC0000176A /* EXTGridInspectorView.xib in Resources */ = {isa = PBXBuildFile; fileRef = 14F930BA17BF39EC0000176A /* EXTGridInspectorView.xib */; };
		1DDD582C0DA1D0D100B32029 /* EXTDocument.xib in Resources */ = {isa = PBXBuildFile; fileRef = 1DDD58280DA1D0D100B32029 /* EXTDocument.xib */; };
		1DDD582D0DA1D0D100B32029 /* MainMenu.xib in Resources */ = {isa = PBXBuildFile; fileRef = 1DDD582A0DA1D0D100B32029 /* MainMenu.xib */; };
		317707C413D784B0003475A2 /* EXTGrid.m in Sources */ = {isa = PBXBuildFile; fileRef = 317707C313D784B0003475A2 /* EXTGrid.m */; };
		317707E113D7893A003475A2 /* EXTChartView.m in Sources */ = {isa = PBXBuildFile; fileRef = 317707E013D7893A003475A2 /* EXTChartView.m */; };
		3187BA2713DC6C6C00C26803 /* EXTScrollView.m in Sources */ = {isa = PBXBuildFile; fileRef = 3187BA2413DC6C6C00C26803 /* EXTScrollView.m */; };
		318EC0691409385F005D21D4 /* to do list.rtf in Resources */ = {isa = PBXBuildFile; fileRef = 318EC0681409385F005D21D4 /* to do list.rtf */; };
		31C77BA813E63F6800E9DBFC /* EXTAppController.m in Sources */ = {isa = PBXBuildFile; fileRef = 31C77BA713E63F6800E9DBFC /* EXTAppController.m */; };
		31D403BB13DA0476006A8C06 /* EXTTerm.m in Sources */ = {isa = PBXBuildFile; fileRef = 31D403BA13DA0476006A8C06 /* EXTTerm.m */; };
		31D403C013DA04D8006A8C06 /* EXTDifferential.m in Sources */ = {isa = PBXBuildFile; fileRef = 31D403BF13DA04D8006A8C06 /* EXTDifferential.m */; };
		31D5D2E513F6933B00F1B2F9 /* EXTArtBoard.m in Sources */ = {isa = PBXBuildFile; fileRef = 31D5D2E413F6933B00F1B2F9 /* EXTArtBoard.m */; };
		3804BF6617C0775C00A74325 /* MBTableGrid.m in Sources */ = {isa = PBXBuildFile; fileRef = 3804BF5B17C0775C00A74325 /* MBTableGrid.m */; settings = {COMPILER_FLAGS = "-Wno-conversion"; }; };
		3804BF6717C0775C00A74325 /* MBTableGridCell.m in Sources */ = {isa = PBXBuildFile; fileRef = 3804BF5D17C0775C00A74325 /* MBTableGridCell.m */; settings = {COMPILER_FLAGS = "-Wno-conversion"; }; };
		3804BF6817C0775C00A74325 /* MBTableGridContentView.m in Sources */ = {isa = PBXBuildFile; fileRef = 3804BF5F17C0775C00A74325 /* MBTableGridContentView.m */; settings = {COMPILER_FLAGS = "-Wno-conversion"; }; };
		3804BF6917C0775C00A74325 /* MBTableGridController.m in Sources */ = {isa = PBXBuildFile; fileRef = 3804BF6117C0775C00A74325 /* MBTableGridController.m */; settings = {COMPILER_FLAGS = "-Wno-conversion"; }; };
		3804BF6A17C0775C00A74325 /* MBTableGridHeaderCell.m in Sources */ = {isa = PBXBuildFile; fileRef = 3804BF6317C0775C00A74325 /* MBTableGridHeaderCell.m */; settings = {COMPILER_FLAGS = "-Wno-conversion"; }; };
		3804BF6B17C0775C00A74325 /* MBTableGridHeaderView.m in Sources */ = {isa = PBXBuildFile; fileRef = 3804BF6517C0775C00A74325 /* MBTableGridHeaderView.m */; settings = {COMPILER_FLAGS = "-Wno-conversion"; }; };
		3804BF6E17C07D7300A74325 /* EXTMatrixEditor.m in Sources */ = {isa = PBXBuildFile; fileRef = 3804BF6D17C07D7300A74325 /* EXTMatrixEditor.m */; };
		3841EBD2177380C000ADA929 /* EXTZeroRange.m in Sources */ = {isa = PBXBuildFile; fileRef = 3841EBD1177380C000ADA929 /* EXTZeroRange.m */; };
		385BF10D17AAD8C2008CA5B6 /* EXTGeneratorInspectorView.xib in Resources */ = {isa = PBXBuildFile; fileRef = 385BF10B17AAD8C2008CA5B6 /* EXTGeneratorInspectorView.xib */; };
		385BF11017AAD8D5008CA5B6 /* EXTGeneratorInspectorViewController.m in Sources */ = {isa = PBXBuildFile; fileRef = 385BF10F17AAD8D5008CA5B6 /* EXTGeneratorInspectorViewController.m */; };
		3869FCF817B4587100D0D740 /* EXTDifferentialPaneController.m in Sources */ = {isa = PBXBuildFile; fileRef = 3869FCF617B4587100D0D740 /* EXTDifferentialPaneController.m */; };
		3869FCF917B4587100D0D740 /* EXTDifferentialPane.xib in Resources */ = {isa = PBXBuildFile; fileRef = 3869FCF717B4587100D0D740 /* EXTDifferentialPane.xib */; };
		3896548D16F538D90008FB8D /* EXTMatrix.m in Sources */ = {isa = PBXBuildFile; fileRef = 3896548C16F538D90008FB8D /* EXTMatrix.m */; };
		3897740517F78B5800C6AD2F /* EXTZeroRangesInspector.m in Sources */ = {isa = PBXBuildFile; fileRef = 3897740317F78B5800C6AD2F /* EXTZeroRangesInspector.m */; };
		3897740617F78B5800C6AD2F /* EXTZeroRangesInspector.xib in Resources */ = {isa = PBXBuildFile; fileRef = 3897740417F78B5800C6AD2F /* EXTZeroRangesInspector.xib */; };
		389FB38D17498AF500D0FE75 /* EXTMultiplicationTables.m in Sources */ = {isa = PBXBuildFile; fileRef = 389FB38C17498AF500D0FE75 /* EXTMultiplicationTables.m */; };
		38A1AB6E1727009C00F9F9D5 /* todo.md in Resources */ = {isa = PBXBuildFile; fileRef = 38A1AB6D1727009C00F9F9D5 /* todo.md */; };
		38A35E75178A018600D2A019 /* EXTDemos.m in Sources */ = {isa = PBXBuildFile; fileRef = 38A35E74178A018600D2A019 /* EXTDemos.m */; };
		38A92122179DCED8000B827D /* DifferentialTool.pdf in Resources */ = {isa = PBXBuildFile; fileRef = 38A9211F179DCED8000B827D /* DifferentialTool.pdf */; };
		38A92123179DCED8000B827D /* MultiplicativeStructureTool.pdf in Resources */ = {isa = PBXBuildFile; fileRef = 38A92120179DCED8000B827D /* MultiplicativeStructureTool.pdf */; };
		38A92125179DDF06000B827D /* GeneratorTool.pdf in Resources */ = {isa = PBXBuildFile; fileRef = 38A92124179DDF06000B827D /* GeneratorTool.pdf */; };
		38B4B08417597EA80065D421 /* EXTSpectralSequence.m in Sources */ = {isa = PBXBuildFile; fileRef = 38B4B08317597EA80065D421 /* EXTSpectralSequence.m */; };
		38DDAA7B16EDA8990001841D /* README.md in Resources */ = {isa = PBXBuildFile; fileRef = 38DDAA7A16EDA8990001841D /* README.md */; };
		38F707B817CDCD9D002273B1 /* EXTLeibnizWindowController.m in Sources */ = {isa = PBXBuildFile; fileRef = 38F707B617CDCD9C002273B1 /* EXTLeibnizWindowController.m */; };
		38F707B917CDCD9D002273B1 /* EXTLeibnizWindow.xib in Resources */ = {isa = PBXBuildFile; fileRef = 38F707B717CDCD9D002273B1 /* EXTLeibnizWindow.xib */; };
		38F7830B17565F72009D207A /* LICENSE in Resources */ = {isa = PBXBuildFile; fileRef = 38F7830A17565F72009D207A /* LICENSE */; };
		38F783121756AEBF009D207A /* EXTTriple.m in Sources */ = {isa = PBXBuildFile; fileRef = 38F783111756AEBF009D207A /* EXTTriple.m */; };
		38F9220C17888DE200E30900 /* EXTPolynomialSSeq.m in Sources */ = {isa = PBXBuildFile; fileRef = 38F9220B17888DE200E30900 /* EXTPolynomialSSeq.m */; };
		38FB16CA178CB35D00D7D62B /* EXTMaySpectralSequence.m in Sources */ = {isa = PBXBuildFile; fileRef = 38FB16C9178CB35D00D7D62B /* EXTMaySpectralSequence.m */; };
		8D15AC2F0486D014006FF6A4 /* InfoPlist.strings in Resources */ = {isa = PBXBuildFile; fileRef = 089C165FFE840EACC02AAC07 /* InfoPlist.strings */; };
		8D15AC310486D014006FF6A4 /* EXTDocument.m in Sources */ = {isa = PBXBuildFile; fileRef = 2A37F4ACFDCFA73011CA2CEA /* EXTDocument.m */; settings = {ATTRIBUTES = (); }; };
		8D15AC320486D014006FF6A4 /* main.m in Sources */ = {isa = PBXBuildFile; fileRef = 2A37F4B0FDCFA73011CA2CEA /* main.m */; settings = {ATTRIBUTES = (); }; };
		8D15AC340486D014006FF6A4 /* Cocoa.framework in Frameworks */ = {isa = PBXBuildFile; fileRef = 1058C7A7FEA54F5311CA2CBB /* Cocoa.framework */; };
/* End PBXBuildFile section */

/* Begin PBXFileReference section */
		089C1660FE840EACC02AAC07 /* English */ = {isa = PBXFileReference; fileEncoding = 4; lastKnownFileType = text.plist.strings; name = English; path = English.lproj/InfoPlist.strings; sourceTree = "<group>"; };
		093AEADB13E10759003E9F58 /* EXTPair.h */ = {isa = PBXFileReference; fileEncoding = 4; lastKnownFileType = sourcecode.c.h; path = EXTPair.h; sourceTree = "<group>"; };
		093AEADC13E10759003E9F58 /* EXTPair.m */ = {isa = PBXFileReference; fileEncoding = 4; lastKnownFileType = sourcecode.c.objc; path = EXTPair.m; sourceTree = "<group>"; };
		1058C7A7FEA54F5311CA2CBB /* Cocoa.framework */ = {isa = PBXFileReference; lastKnownFileType = wrapper.framework; name = Cocoa.framework; path = /System/Library/Frameworks/Cocoa.framework; sourceTree = "<absolute>"; };
		13E42FBA07B3F13500E4EEF1 /* CoreData.framework */ = {isa = PBXFileReference; lastKnownFileType = wrapper.framework; name = CoreData.framework; path = /System/Library/Frameworks/CoreData.framework; sourceTree = "<absolute>"; };
		143F3DFC176D615100FB92B3 /* EXTUtilities.h */ = {isa = PBXFileReference; fileEncoding = 4; lastKnownFileType = sourcecode.c.h; path = EXTUtilities.h; sourceTree = "<group>"; };
		143F3DFD176D615100FB92B3 /* EXTUtilities.m */ = {isa = PBXFileReference; fileEncoding = 4; lastKnownFileType = sourcecode.c.objc; path = EXTUtilities.m; sourceTree = "<group>"; };
		1460B40A17B735BD00B575E3 /* EXTPreferencesWindowController.h */ = {isa = PBXFileReference; fileEncoding = 4; lastKnownFileType = sourcecode.c.h; path = EXTPreferencesWindowController.h; sourceTree = "<group>"; };
		1460B40B17B735BD00B575E3 /* EXTPreferencesWindowController.m */ = {isa = PBXFileReference; fileEncoding = 4; lastKnownFileType = sourcecode.c.objc; path = EXTPreferencesWindowController.m; sourceTree = "<group>"; };
		1460B40D17B7360700B575E3 /* EXTPreferences.xib */ = {isa = PBXFileReference; fileEncoding = 4; lastKnownFileType = file.xib; path = EXTPreferences.xib; sourceTree = "<group>"; };
		1462B38917D19D4A00BFDF50 /* EXTToolboxView.h */ = {isa = PBXFileReference; fileEncoding = 4; lastKnownFileType = sourcecode.c.h; path = EXTToolboxView.h; sourceTree = "<group>"; };
		1462B38A17D19D4A00BFDF50 /* EXTToolboxView.m */ = {isa = PBXFileReference; fileEncoding = 4; lastKnownFileType = sourcecode.c.objc; path = EXTToolboxView.m; sourceTree = "<group>"; };
		1467B26C178CF15E0084A2F6 /* EXTDocumentInspectorView.h */ = {isa = PBXFileReference; fileEncoding = 4; lastKnownFileType = sourcecode.c.h; path = EXTDocumentInspectorView.h; sourceTree = "<group>"; };
		1467B26D178CF15E0084A2F6 /* EXTDocumentInspectorView.m */ = {isa = PBXFileReference; fileEncoding = 4; lastKnownFileType = sourcecode.c.objc; path = EXTDocumentInspectorView.m; sourceTree = "<group>"; };
		1467B271178D13A80084A2F6 /* QuartzCore.framework */ = {isa = PBXFileReference; lastKnownFileType = wrapper.framework; name = QuartzCore.framework; path = Platforms/MacOSX.platform/Developer/SDKs/MacOSX10.8.sdk/System/Library/Frameworks/QuartzCore.framework; sourceTree = DEVELOPER_DIR; };
		14741D7017B7535A00AF73D9 /* NSUserDefaults+EXTAdditions.h */ = {isa = PBXFileReference; fileEncoding = 4; lastKnownFileType = sourcecode.c.h; path = "NSUserDefaults+EXTAdditions.h"; sourceTree = "<group>"; };
		14741D7117B7535A00AF73D9 /* NSUserDefaults+EXTAdditions.m */ = {isa = PBXFileReference; fileEncoding = 4; lastKnownFileType = sourcecode.c.objc; path = "NSUserDefaults+EXTAdditions.m"; sourceTree = "<group>"; };
		149314561783B6EA0080EF28 /* EXTDocumentControlsView.h */ = {isa = PBXFileReference; fileEncoding = 4; lastKnownFileType = sourcecode.c.h; path = EXTDocumentControlsView.h; sourceTree = "<group>"; };
		149314571783B6EA0080EF28 /* EXTDocumentControlsView.m */ = {isa = PBXFileReference; fileEncoding = 4; lastKnownFileType = sourcecode.c.objc; path = EXTDocumentControlsView.m; sourceTree = "<group>"; };
		1498319D17AE04F3000380A5 /* EXTNewDocumentWindowController.h */ = {isa = PBXFileReference; fileEncoding = 4; lastKnownFileType = sourcecode.c.h; path = EXTNewDocumentWindowController.h; sourceTree = "<group>"; };
		1498319E17AE04F3000380A5 /* EXTNewDocumentWindowController.m */ = {isa = PBXFileReference; fileEncoding = 4; lastKnownFileType = sourcecode.c.objc; path = EXTNewDocumentWindowController.m; sourceTree = "<group>"; };
		1498319F17AE04F3000380A5 /* EXTNewDocument.xib */ = {isa = PBXFileReference; fileEncoding = 4; lastKnownFileType = file.xib; path = EXTNewDocument.xib; sourceTree = "<group>"; };
		149831A217AE65EA000380A5 /* A1MSS Example.pdf */ = {isa = PBXFileReference; lastKnownFileType = image.pdf; name = "A1MSS Example.pdf"; path = "Images/A1MSS Example.pdf"; sourceTree = "<group>"; };
		149831A317AE65EA000380A5 /* KUhC2 Example.pdf */ = {isa = PBXFileReference; lastKnownFileType = image.pdf; name = "KUhC2 Example.pdf"; path = "Images/KUhC2 Example.pdf"; sourceTree = "<group>"; };
		149831A417AE65EA000380A5 /* Random Example.pdf */ = {isa = PBXFileReference; lastKnownFileType = image.pdf; name = "Random Example.pdf"; path = "Images/Random Example.pdf"; sourceTree = "<group>"; };
		149831A517AE65EA000380A5 /* S5 Example.pdf */ = {isa = PBXFileReference; lastKnownFileType = image.pdf; name = "S5 Example.pdf"; path = "Images/S5 Example.pdf"; sourceTree = "<group>"; };
		149A0EA6176C409C006F6142 /* NSCursor+EXTApplePrivate.h */ = {isa = PBXFileReference; lastKnownFileType = sourcecode.c.h; path = "NSCursor+EXTApplePrivate.h"; sourceTree = "<group>"; };
		14CCA3891794F21D002EF861 /* ArtBoardTool.pdf */ = {isa = PBXFileReference; lastKnownFileType = image.pdf; name = ArtBoardTool.pdf; path = Images/ArtBoardTool.pdf; sourceTree = "<group>"; };
		14CCA38B1794F21D002EF861 /* Ext Chart.iconset */ = {isa = PBXFileReference; lastKnownFileType = folder.iconset; name = "Ext Chart.iconset"; path = "Images/Ext Chart.iconset"; sourceTree = "<group>"; };
		14CD476F17F00273007D71F1 /* EXTMarquee.h */ = {isa = PBXFileReference; fileEncoding = 4; lastKnownFileType = sourcecode.c.h; path = EXTMarquee.h; sourceTree = "<group>"; };
		14CD477017F00273007D71F1 /* EXTMarquee.m */ = {isa = PBXFileReference; fileEncoding = 4; lastKnownFileType = sourcecode.c.objc; path = EXTMarquee.m; sourceTree = "<group>"; };
		14D78E5B17B5E44000B1BB52 /* EXTChartViewController.h */ = {isa = PBXFileReference; fileEncoding = 4; lastKnownFileType = sourcecode.c.h; path = EXTChartViewController.h; sourceTree = "<group>"; };
		14D78E5C17B5E44000B1BB52 /* EXTChartViewController.m */ = {isa = PBXFileReference; fileEncoding = 4; lastKnownFileType = sourcecode.c.objc; path = EXTChartViewController.m; sourceTree = "<group>"; };
		14E757CB17BF128F008BED48 /* EXTGridInspectorViewController.h */ = {isa = PBXFileReference; fileEncoding = 4; lastKnownFileType = sourcecode.c.h; path = EXTGridInspectorViewController.h; sourceTree = "<group>"; };
		14E757CC17BF128F008BED48 /* EXTGridInspectorViewController.m */ = {isa = PBXFileReference; fileEncoding = 4; lastKnownFileType = sourcecode.c.objc; path = EXTGridInspectorViewController.m; sourceTree = "<group>"; };
		14EF1A6917584C080012DD3C /* EXTDocumentWindowController.h */ = {isa = PBXFileReference; fileEncoding = 4; lastKnownFileType = sourcecode.c.h; path = EXTDocumentWindowController.h; sourceTree = "<group>"; };
		14EF1A6A17584C080012DD3C /* EXTDocumentWindowController.m */ = {isa = PBXFileReference; fileEncoding = 4; lastKnownFileType = sourcecode.c.objc; path = EXTDocumentWindowController.m; sourceTree = "<group>"; };
		14F16A1417D34EE5002EACD3 /* NSKeyedArchiver+EXTAdditions.h */ = {isa = PBXFileReference; fileEncoding = 4; lastKnownFileType = sourcecode.c.h; path = "NSKeyedArchiver+EXTAdditions.h"; sourceTree = "<group>"; };
		14F16A1517D34EE5002EACD3 /* NSKeyedArchiver+EXTAdditions.m */ = {isa = PBXFileReference; fileEncoding = 4; lastKnownFileType = sourcecode.c.objc; path = "NSKeyedArchiver+EXTAdditions.m"; sourceTree = "<group>"; };
		14F930BA17BF39EC0000176A /* EXTGridInspectorView.xib */ = {isa = PBXFileReference; fileEncoding = 4; lastKnownFileType = file.xib; path = EXTGridInspectorView.xib; sourceTree = "<group>"; };
		1DDD58290DA1D0D100B32029 /* English */ = {isa = PBXFileReference; lastKnownFileType = file.xib; name = English; path = English.lproj/EXTDocument.xib; sourceTree = "<group>"; };
		1DDD582B0DA1D0D100B32029 /* English */ = {isa = PBXFileReference; lastKnownFileType = file.xib; name = English; path = English.lproj/MainMenu.xib; sourceTree = "<group>"; };
		2564AD2C0F5327BB00F57823 /* Ext_Chart_Prefix.pch */ = {isa = PBXFileReference; fileEncoding = 4; lastKnownFileType = sourcecode.c.h; path = Ext_Chart_Prefix.pch; sourceTree = "<group>"; };
		2A37F4ACFDCFA73011CA2CEA /* EXTDocument.m */ = {isa = PBXFileReference; fileEncoding = 4; lastKnownFileType = sourcecode.c.objc; path = EXTDocument.m; sourceTree = "<group>"; };
		2A37F4AEFDCFA73011CA2CEA /* EXTDocument.h */ = {isa = PBXFileReference; fileEncoding = 4; lastKnownFileType = sourcecode.c.h; path = EXTDocument.h; sourceTree = "<group>"; };
		2A37F4B0FDCFA73011CA2CEA /* main.m */ = {isa = PBXFileReference; fileEncoding = 4; lastKnownFileType = sourcecode.c.objc; path = main.m; sourceTree = "<group>"; };
		2A37F4C4FDCFA73011CA2CEA /* AppKit.framework */ = {isa = PBXFileReference; lastKnownFileType = wrapper.framework; name = AppKit.framework; path = /System/Library/Frameworks/AppKit.framework; sourceTree = "<absolute>"; };
		2A37F4C5FDCFA73011CA2CEA /* Foundation.framework */ = {isa = PBXFileReference; lastKnownFileType = wrapper.framework; name = Foundation.framework; path = /System/Library/Frameworks/Foundation.framework; sourceTree = "<absolute>"; };
		317707C213D784B0003475A2 /* EXTGrid.h */ = {isa = PBXFileReference; fileEncoding = 4; lastKnownFileType = sourcecode.c.h; path = EXTGrid.h; sourceTree = "<group>"; };
		317707C313D784B0003475A2 /* EXTGrid.m */ = {isa = PBXFileReference; fileEncoding = 4; lastKnownFileType = sourcecode.c.objc; path = EXTGrid.m; sourceTree = "<group>"; };
		317707DF13D7893A003475A2 /* EXTChartView.h */ = {isa = PBXFileReference; fileEncoding = 4; lastKnownFileType = sourcecode.c.h; path = EXTChartView.h; sourceTree = "<group>"; };
		317707E013D7893A003475A2 /* EXTChartView.m */ = {isa = PBXFileReference; fileEncoding = 4; lastKnownFileType = sourcecode.c.objc; path = EXTChartView.m; sourceTree = "<group>"; };
		3187BA2313DC6C6C00C26803 /* EXTScrollView.h */ = {isa = PBXFileReference; fileEncoding = 4; lastKnownFileType = sourcecode.c.h; path = EXTScrollView.h; sourceTree = "<group>"; };
		3187BA2413DC6C6C00C26803 /* EXTScrollView.m */ = {isa = PBXFileReference; fileEncoding = 4; lastKnownFileType = sourcecode.c.objc; path = EXTScrollView.m; sourceTree = "<group>"; };
		318EC0681409385F005D21D4 /* to do list.rtf */ = {isa = PBXFileReference; lastKnownFileType = text.rtf; path = "to do list.rtf"; sourceTree = "<group>"; };
		31C77BA613E63F6800E9DBFC /* EXTAppController.h */ = {isa = PBXFileReference; fileEncoding = 4; lastKnownFileType = sourcecode.c.h; path = EXTAppController.h; sourceTree = "<group>"; };
		31C77BA713E63F6800E9DBFC /* EXTAppController.m */ = {isa = PBXFileReference; fileEncoding = 4; lastKnownFileType = sourcecode.c.objc; path = EXTAppController.m; sourceTree = "<group>"; };
		31D403B913DA0476006A8C06 /* EXTTerm.h */ = {isa = PBXFileReference; fileEncoding = 4; lastKnownFileType = sourcecode.c.h; path = EXTTerm.h; sourceTree = "<group>"; };
		31D403BA13DA0476006A8C06 /* EXTTerm.m */ = {isa = PBXFileReference; fileEncoding = 4; lastKnownFileType = sourcecode.c.objc; path = EXTTerm.m; sourceTree = "<group>"; };
		31D403BE13DA04D8006A8C06 /* EXTDifferential.h */ = {isa = PBXFileReference; fileEncoding = 4; lastKnownFileType = sourcecode.c.h; path = EXTDifferential.h; sourceTree = "<group>"; };
		31D403BF13DA04D8006A8C06 /* EXTDifferential.m */ = {isa = PBXFileReference; fileEncoding = 4; lastKnownFileType = sourcecode.c.objc; path = EXTDifferential.m; sourceTree = "<group>"; };
		31D5D2E313F6933B00F1B2F9 /* EXTArtBoard.h */ = {isa = PBXFileReference; fileEncoding = 4; lastKnownFileType = sourcecode.c.h; path = EXTArtBoard.h; sourceTree = "<group>"; };
		31D5D2E413F6933B00F1B2F9 /* EXTArtBoard.m */ = {isa = PBXFileReference; fileEncoding = 4; lastKnownFileType = sourcecode.c.objc; path = EXTArtBoard.m; sourceTree = "<group>"; };
		3804BF5A17C0775C00A74325 /* MBTableGrid.h */ = {isa = PBXFileReference; fileEncoding = 4; lastKnownFileType = sourcecode.c.h; name = MBTableGrid.h; path = MBTableGrid/MBTableGrid.h; sourceTree = "<group>"; };
		3804BF5B17C0775C00A74325 /* MBTableGrid.m */ = {isa = PBXFileReference; fileEncoding = 4; lastKnownFileType = sourcecode.c.objc; name = MBTableGrid.m; path = MBTableGrid/MBTableGrid.m; sourceTree = "<group>"; };
		3804BF5C17C0775C00A74325 /* MBTableGridCell.h */ = {isa = PBXFileReference; fileEncoding = 4; lastKnownFileType = sourcecode.c.h; name = MBTableGridCell.h; path = MBTableGrid/MBTableGridCell.h; sourceTree = "<group>"; };
		3804BF5D17C0775C00A74325 /* MBTableGridCell.m */ = {isa = PBXFileReference; fileEncoding = 4; lastKnownFileType = sourcecode.c.objc; name = MBTableGridCell.m; path = MBTableGrid/MBTableGridCell.m; sourceTree = "<group>"; };
		3804BF5E17C0775C00A74325 /* MBTableGridContentView.h */ = {isa = PBXFileReference; fileEncoding = 4; lastKnownFileType = sourcecode.c.h; name = MBTableGridContentView.h; path = MBTableGrid/MBTableGridContentView.h; sourceTree = "<group>"; };
		3804BF5F17C0775C00A74325 /* MBTableGridContentView.m */ = {isa = PBXFileReference; fileEncoding = 4; lastKnownFileType = sourcecode.c.objc; name = MBTableGridContentView.m; path = MBTableGrid/MBTableGridContentView.m; sourceTree = "<group>"; };
		3804BF6017C0775C00A74325 /* MBTableGridController.h */ = {isa = PBXFileReference; fileEncoding = 4; lastKnownFileType = sourcecode.c.h; name = MBTableGridController.h; path = MBTableGrid/MBTableGridController.h; sourceTree = "<group>"; };
		3804BF6117C0775C00A74325 /* MBTableGridController.m */ = {isa = PBXFileReference; fileEncoding = 4; lastKnownFileType = sourcecode.c.objc; name = MBTableGridController.m; path = MBTableGrid/MBTableGridController.m; sourceTree = "<group>"; };
		3804BF6217C0775C00A74325 /* MBTableGridHeaderCell.h */ = {isa = PBXFileReference; fileEncoding = 4; lastKnownFileType = sourcecode.c.h; name = MBTableGridHeaderCell.h; path = MBTableGrid/MBTableGridHeaderCell.h; sourceTree = "<group>"; };
		3804BF6317C0775C00A74325 /* MBTableGridHeaderCell.m */ = {isa = PBXFileReference; fileEncoding = 4; lastKnownFileType = sourcecode.c.objc; name = MBTableGridHeaderCell.m; path = MBTableGrid/MBTableGridHeaderCell.m; sourceTree = "<group>"; };
		3804BF6417C0775C00A74325 /* MBTableGridHeaderView.h */ = {isa = PBXFileReference; fileEncoding = 4; lastKnownFileType = sourcecode.c.h; name = MBTableGridHeaderView.h; path = MBTableGrid/MBTableGridHeaderView.h; sourceTree = "<group>"; };
		3804BF6517C0775C00A74325 /* MBTableGridHeaderView.m */ = {isa = PBXFileReference; fileEncoding = 4; lastKnownFileType = sourcecode.c.objc; name = MBTableGridHeaderView.m; path = MBTableGrid/MBTableGridHeaderView.m; sourceTree = "<group>"; };
		3804BF6C17C07D7300A74325 /* EXTMatrixEditor.h */ = {isa = PBXFileReference; fileEncoding = 4; lastKnownFileType = sourcecode.c.h; path = EXTMatrixEditor.h; sourceTree = "<group>"; };
		3804BF6D17C07D7300A74325 /* EXTMatrixEditor.m */ = {isa = PBXFileReference; fileEncoding = 4; lastKnownFileType = sourcecode.c.objc; path = EXTMatrixEditor.m; sourceTree = "<group>"; };
		3841EBD0177380C000ADA929 /* EXTZeroRange.h */ = {isa = PBXFileReference; fileEncoding = 4; lastKnownFileType = sourcecode.c.h; path = EXTZeroRange.h; sourceTree = "<group>"; };
		3841EBD1177380C000ADA929 /* EXTZeroRange.m */ = {isa = PBXFileReference; fileEncoding = 4; lastKnownFileType = sourcecode.c.objc; path = EXTZeroRange.m; sourceTree = "<group>"; };
		385BF10C17AAD8C2008CA5B6 /* English */ = {isa = PBXFileReference; lastKnownFileType = file.xib; name = English; path = English.lproj/EXTGeneratorInspectorView.xib; sourceTree = "<group>"; };
		385BF10E17AAD8D5008CA5B6 /* EXTGeneratorInspectorViewController.h */ = {isa = PBXFileReference; fileEncoding = 4; lastKnownFileType = sourcecode.c.h; path = EXTGeneratorInspectorViewController.h; sourceTree = "<group>"; };
		385BF10F17AAD8D5008CA5B6 /* EXTGeneratorInspectorViewController.m */ = {isa = PBXFileReference; fileEncoding = 4; lastKnownFileType = sourcecode.c.objc; path = EXTGeneratorInspectorViewController.m; sourceTree = "<group>"; };
		3869FCF517B4587100D0D740 /* EXTDifferentialPaneController.h */ = {isa = PBXFileReference; fileEncoding = 4; lastKnownFileType = sourcecode.c.h; path = EXTDifferentialPaneController.h; sourceTree = "<group>"; };
		3869FCF617B4587100D0D740 /* EXTDifferentialPaneController.m */ = {isa = PBXFileReference; fileEncoding = 4; lastKnownFileType = sourcecode.c.objc; path = EXTDifferentialPaneController.m; sourceTree = "<group>"; };
		3869FCF717B4587100D0D740 /* EXTDifferentialPane.xib */ = {isa = PBXFileReference; fileEncoding = 4; lastKnownFileType = file.xib; path = EXTDifferentialPane.xib; sourceTree = "<group>"; };
		3896548B16F538D90008FB8D /* EXTMatrix.h */ = {isa = PBXFileReference; fileEncoding = 4; lastKnownFileType = sourcecode.c.h; path = EXTMatrix.h; sourceTree = "<group>"; };
		3896548C16F538D90008FB8D /* EXTMatrix.m */ = {isa = PBXFileReference; fileEncoding = 4; lastKnownFileType = sourcecode.c.objc; path = EXTMatrix.m; sourceTree = "<group>"; };
		3897740217F78B5800C6AD2F /* EXTZeroRangesInspector.h */ = {isa = PBXFileReference; fileEncoding = 4; lastKnownFileType = sourcecode.c.h; path = EXTZeroRangesInspector.h; sourceTree = "<group>"; };
		3897740317F78B5800C6AD2F /* EXTZeroRangesInspector.m */ = {isa = PBXFileReference; fileEncoding = 4; lastKnownFileType = sourcecode.c.objc; path = EXTZeroRangesInspector.m; sourceTree = "<group>"; };
		3897740417F78B5800C6AD2F /* EXTZeroRangesInspector.xib */ = {isa = PBXFileReference; fileEncoding = 4; lastKnownFileType = file.xib; path = EXTZeroRangesInspector.xib; sourceTree = "<group>"; };
		389FB38B17498AF500D0FE75 /* EXTMultiplicationTables.h */ = {isa = PBXFileReference; fileEncoding = 4; lastKnownFileType = sourcecode.c.h; path = EXTMultiplicationTables.h; sourceTree = "<group>"; };
		389FB38C17498AF500D0FE75 /* EXTMultiplicationTables.m */ = {isa = PBXFileReference; fileEncoding = 4; lastKnownFileType = sourcecode.c.objc; path = EXTMultiplicationTables.m; sourceTree = "<group>"; };
		38A1AB6D1727009C00F9F9D5 /* todo.md */ = {isa = PBXFileReference; fileEncoding = 4; lastKnownFileType = text; path = todo.md; sourceTree = "<group>"; };
		38A35E73178A018600D2A019 /* EXTDemos.h */ = {isa = PBXFileReference; fileEncoding = 4; lastKnownFileType = sourcecode.c.h; path = EXTDemos.h; sourceTree = "<group>"; };
		38A35E74178A018600D2A019 /* EXTDemos.m */ = {isa = PBXFileReference; fileEncoding = 4; lastKnownFileType = sourcecode.c.objc; path = EXTDemos.m; sourceTree = "<group>"; };
		38A9211F179DCED8000B827D /* DifferentialTool.pdf */ = {isa = PBXFileReference; lastKnownFileType = image.pdf; name = DifferentialTool.pdf; path = Images/DifferentialTool.pdf; sourceTree = "<group>"; };
		38A92120179DCED8000B827D /* MultiplicativeStructureTool.pdf */ = {isa = PBXFileReference; lastKnownFileType = image.pdf; name = MultiplicativeStructureTool.pdf; path = Images/MultiplicativeStructureTool.pdf; sourceTree = "<group>"; };
		38A92124179DDF06000B827D /* GeneratorTool.pdf */ = {isa = PBXFileReference; lastKnownFileType = image.pdf; name = GeneratorTool.pdf; path = Images/GeneratorTool.pdf; sourceTree = "<group>"; };
		38B4B08217597EA80065D421 /* EXTSpectralSequence.h */ = {isa = PBXFileReference; fileEncoding = 4; lastKnownFileType = sourcecode.c.h; path = EXTSpectralSequence.h; sourceTree = "<group>"; };
		38B4B08317597EA80065D421 /* EXTSpectralSequence.m */ = {isa = PBXFileReference; fileEncoding = 4; lastKnownFileType = sourcecode.c.objc; path = EXTSpectralSequence.m; sourceTree = "<group>"; };
		38DDAA7A16EDA8990001841D /* README.md */ = {isa = PBXFileReference; fileEncoding = 4; lastKnownFileType = text; path = README.md; sourceTree = "<group>"; };
		38F707B517CDCD9C002273B1 /* EXTLeibnizWindowController.h */ = {isa = PBXFileReference; fileEncoding = 4; lastKnownFileType = sourcecode.c.h; path = EXTLeibnizWindowController.h; sourceTree = "<group>"; };
		38F707B617CDCD9C002273B1 /* EXTLeibnizWindowController.m */ = {isa = PBXFileReference; fileEncoding = 4; lastKnownFileType = sourcecode.c.objc; path = EXTLeibnizWindowController.m; sourceTree = "<group>"; };
		38F707B717CDCD9D002273B1 /* EXTLeibnizWindow.xib */ = {isa = PBXFileReference; fileEncoding = 4; lastKnownFileType = file.xib; path = EXTLeibnizWindow.xib; sourceTree = "<group>"; };
		38F7830A17565F72009D207A /* LICENSE */ = {isa = PBXFileReference; fileEncoding = 4; lastKnownFileType = text; path = LICENSE; sourceTree = "<group>"; };
		38F7830F17566281009D207A /* EXTLocation.h */ = {isa = PBXFileReference; lastKnownFileType = sourcecode.c.h; path = EXTLocation.h; sourceTree = "<group>"; };
		38F783101756AEBF009D207A /* EXTTriple.h */ = {isa = PBXFileReference; fileEncoding = 4; lastKnownFileType = sourcecode.c.h; path = EXTTriple.h; sourceTree = "<group>"; };
		38F783111756AEBF009D207A /* EXTTriple.m */ = {isa = PBXFileReference; fileEncoding = 4; lastKnownFileType = sourcecode.c.objc; path = EXTTriple.m; sourceTree = "<group>"; };
		38F9220A17888DE200E30900 /* EXTPolynomialSSeq.h */ = {isa = PBXFileReference; fileEncoding = 4; lastKnownFileType = sourcecode.c.h; path = EXTPolynomialSSeq.h; sourceTree = "<group>"; };
		38F9220B17888DE200E30900 /* EXTPolynomialSSeq.m */ = {isa = PBXFileReference; fileEncoding = 4; lastKnownFileType = sourcecode.c.objc; path = EXTPolynomialSSeq.m; sourceTree = "<group>"; };
		38FB16C8178CB35D00D7D62B /* EXTMaySpectralSequence.h */ = {isa = PBXFileReference; fileEncoding = 4; lastKnownFileType = sourcecode.c.h; path = EXTMaySpectralSequence.h; sourceTree = "<group>"; };
		38FB16C9178CB35D00D7D62B /* EXTMaySpectralSequence.m */ = {isa = PBXFileReference; fileEncoding = 4; lastKnownFileType = sourcecode.c.objc; path = EXTMaySpectralSequence.m; sourceTree = "<group>"; };
		8D15AC360486D014006FF6A4 /* Ext_Chart-Info.plist */ = {isa = PBXFileReference; fileEncoding = 4; lastKnownFileType = text.plist.xml; path = "Ext_Chart-Info.plist"; sourceTree = "<group>"; };
		8D15AC370486D014006FF6A4 /* Ext Chart.app */ = {isa = PBXFileReference; explicitFileType = wrapper.application; includeInIndex = 0; path = "Ext Chart.app"; sourceTree = BUILT_PRODUCTS_DIR; };
/* End PBXFileReference section */

/* Begin PBXFrameworksBuildPhase section */
		8D15AC330486D014006FF6A4 /* Frameworks */ = {
			isa = PBXFrameworksBuildPhase;
			buildActionMask = 2147483647;
			files = (
				1467B272178D13A80084A2F6 /* QuartzCore.framework in Frameworks */,
				8D15AC340486D014006FF6A4 /* Cocoa.framework in Frameworks */,
			);
			runOnlyForDeploymentPostprocessing = 0;
		};
/* End PBXFrameworksBuildPhase section */

/* Begin PBXGroup section */
		1058C7A6FEA54F5311CA2CBB /* Linked Frameworks */ = {
			isa = PBXGroup;
			children = (
				1467B271178D13A80084A2F6 /* QuartzCore.framework */,
				1058C7A7FEA54F5311CA2CBB /* Cocoa.framework */,
			);
			name = "Linked Frameworks";
			sourceTree = "<group>";
		};
		1058C7A8FEA54F5311CA2CBB /* Other Frameworks */ = {
			isa = PBXGroup;
			children = (
				2A37F4C4FDCFA73011CA2CEA /* AppKit.framework */,
				13E42FBA07B3F13500E4EEF1 /* CoreData.framework */,
				2A37F4C5FDCFA73011CA2CEA /* Foundation.framework */,
			);
			name = "Other Frameworks";
			sourceTree = "<group>";
		};
		143F3DFF176D616800FB92B3 /* Support */ = {
			isa = PBXGroup;
			children = (
				143F3DFC176D615100FB92B3 /* EXTUtilities.h */,
				143F3DFD176D615100FB92B3 /* EXTUtilities.m */,
			);
			name = Support;
			sourceTree = "<group>";
		};
		149831AA17AE6A0E000380A5 /* Toolbox */ = {
			isa = PBXGroup;
			children = (
				38A92124179DDF06000B827D /* GeneratorTool.pdf */,
				38A9211F179DCED8000B827D /* DifferentialTool.pdf */,
				38A92120179DCED8000B827D /* MultiplicativeStructureTool.pdf */,
				14CCA3891794F21D002EF861 /* ArtBoardTool.pdf */,
			);
			name = Toolbox;
			sourceTree = "<group>";
		};
		149831AB17AE6A1A000380A5 /* Examples */ = {
			isa = PBXGroup;
			children = (
				149831A217AE65EA000380A5 /* A1MSS Example.pdf */,
				149831A317AE65EA000380A5 /* KUhC2 Example.pdf */,
				149831A417AE65EA000380A5 /* Random Example.pdf */,
				149831A517AE65EA000380A5 /* S5 Example.pdf */,
			);
			name = Examples;
			sourceTree = "<group>";
		};
		149A0EA5176C4065006F6142 /* System Categories */ = {
			isa = PBXGroup;
			children = (
				149A0EA6176C409C006F6142 /* NSCursor+EXTApplePrivate.h */,
				14741D7017B7535A00AF73D9 /* NSUserDefaults+EXTAdditions.h */,
				14741D7117B7535A00AF73D9 /* NSUserDefaults+EXTAdditions.m */,
				14F16A1417D34EE5002EACD3 /* NSKeyedArchiver+EXTAdditions.h */,
				14F16A1517D34EE5002EACD3 /* NSKeyedArchiver+EXTAdditions.m */,
			);
			name = "System Categories";
			sourceTree = "<group>";
		};
		14C13C4D174FE39A001BE9F9 /* Model */ = {
			isa = PBXGroup;
			children = (
				3869FCF417B442AE00D0D740 /* Locations */,
				31D403BE13DA04D8006A8C06 /* EXTDifferential.h */,
				31D403BF13DA04D8006A8C06 /* EXTDifferential.m */,
				3896548B16F538D90008FB8D /* EXTMatrix.h */,
				3896548C16F538D90008FB8D /* EXTMatrix.m */,
				38FB16C8178CB35D00D7D62B /* EXTMaySpectralSequence.h */,
				38FB16C9178CB35D00D7D62B /* EXTMaySpectralSequence.m */,
				389FB38B17498AF500D0FE75 /* EXTMultiplicationTables.h */,
				389FB38C17498AF500D0FE75 /* EXTMultiplicationTables.m */,
				38F9220A17888DE200E30900 /* EXTPolynomialSSeq.h */,
				38F9220B17888DE200E30900 /* EXTPolynomialSSeq.m */,
				38B4B08217597EA80065D421 /* EXTSpectralSequence.h */,
				38B4B08317597EA80065D421 /* EXTSpectralSequence.m */,
				31D403B913DA0476006A8C06 /* EXTTerm.h */,
				31D403BA13DA0476006A8C06 /* EXTTerm.m */,
				3841EBD0177380C000ADA929 /* EXTZeroRange.h */,
				3841EBD1177380C000ADA929 /* EXTZeroRange.m */,
			);
			name = Model;
			sourceTree = "<group>";
		};
		14C13C4E174FE3B3001BE9F9 /* Views */ = {
			isa = PBXGroup;
			children = (
				31D5D2E313F6933B00F1B2F9 /* EXTArtBoard.h */,
				31D5D2E413F6933B00F1B2F9 /* EXTArtBoard.m */,
				317707C213D784B0003475A2 /* EXTGrid.h */,
				317707C313D784B0003475A2 /* EXTGrid.m */,
				3187BA2313DC6C6C00C26803 /* EXTScrollView.h */,
				3187BA2413DC6C6C00C26803 /* EXTScrollView.m */,
				317707DF13D7893A003475A2 /* EXTChartView.h */,
				317707E013D7893A003475A2 /* EXTChartView.m */,
				149314561783B6EA0080EF28 /* EXTDocumentControlsView.h */,
				149314571783B6EA0080EF28 /* EXTDocumentControlsView.m */,
				1467B26C178CF15E0084A2F6 /* EXTDocumentInspectorView.h */,
				1467B26D178CF15E0084A2F6 /* EXTDocumentInspectorView.m */,
				1462B38917D19D4A00BFDF50 /* EXTToolboxView.h */,
				1462B38A17D19D4A00BFDF50 /* EXTToolboxView.m */,
			);
			name = Views;
			sourceTree = "<group>";
		};
		14C13C4F174FE410001BE9F9 /* Controllers */ = {
			isa = PBXGroup;
			children = (
				31C77BA613E63F6800E9DBFC /* EXTAppController.h */,
				31C77BA713E63F6800E9DBFC /* EXTAppController.m */,
				14D78E5B17B5E44000B1BB52 /* EXTChartViewController.h */,
				14D78E5C17B5E44000B1BB52 /* EXTChartViewController.m */,
				3869FCF517B4587100D0D740 /* EXTDifferentialPaneController.h */,
				3869FCF617B4587100D0D740 /* EXTDifferentialPaneController.m */,
				3897740217F78B5800C6AD2F /* EXTZeroRangesInspector.h */,
				3897740317F78B5800C6AD2F /* EXTZeroRangesInspector.m */,
				14EF1A6917584C080012DD3C /* EXTDocumentWindowController.h */,
				14EF1A6A17584C080012DD3C /* EXTDocumentWindowController.m */,
				38F707B517CDCD9C002273B1 /* EXTLeibnizWindowController.h */,
				38F707B617CDCD9C002273B1 /* EXTLeibnizWindowController.m */,
				385BF10E17AAD8D5008CA5B6 /* EXTGeneratorInspectorViewController.h */,
				385BF10F17AAD8D5008CA5B6 /* EXTGeneratorInspectorViewController.m */,
				1498319D17AE04F3000380A5 /* EXTNewDocumentWindowController.h */,
				1498319E17AE04F3000380A5 /* EXTNewDocumentWindowController.m */,
				1460B40A17B735BD00B575E3 /* EXTPreferencesWindowController.h */,
				1460B40B17B735BD00B575E3 /* EXTPreferencesWindowController.m */,
				14E757CB17BF128F008BED48 /* EXTGridInspectorViewController.h */,
				14E757CC17BF128F008BED48 /* EXTGridInspectorViewController.m */,
			);
			name = Controllers;
			sourceTree = "<group>";
		};
		14C13C50174FE468001BE9F9 /* Documents */ = {
			isa = PBXGroup;
			children = (
				38A35E73178A018600D2A019 /* EXTDemos.h */,
				38A35E74178A018600D2A019 /* EXTDemos.m */,
				2A37F4AEFDCFA73011CA2CEA /* EXTDocument.h */,
				2A37F4ACFDCFA73011CA2CEA /* EXTDocument.m */,
				14CD476F17F00273007D71F1 /* EXTMarquee.h */,
				14CD477017F00273007D71F1 /* EXTMarquee.m */,
			);
			name = Documents;
			sourceTree = "<group>";
		};
		14EF1A611756ED430012DD3C /* Images */ = {
			isa = PBXGroup;
			children = (
				14CCA38B1794F21D002EF861 /* Ext Chart.iconset */,
				149831AA17AE6A0E000380A5 /* Toolbox */,
				149831AB17AE6A1A000380A5 /* Examples */,
			);
			name = Images;
			sourceTree = "<group>";
		};
		14EF1A641756EE020012DD3C /* XIBs */ = {
			isa = PBXGroup;
			children = (
				3869FCF717B4587100D0D740 /* EXTDifferentialPane.xib */,
				1DDD58280DA1D0D100B32029 /* EXTDocument.xib */,
				385BF10B17AAD8C2008CA5B6 /* EXTGeneratorInspectorView.xib */,
				14F930BA17BF39EC0000176A /* EXTGridInspectorView.xib */,
				38F707B717CDCD9D002273B1 /* EXTLeibnizWindow.xib */,
				1498319F17AE04F3000380A5 /* EXTNewDocument.xib */,
				3897740417F78B5800C6AD2F /* EXTZeroRangesInspector.xib */,
				1DDD582A0DA1D0D100B32029 /* MainMenu.xib */,
				1460B40D17B7360700B575E3 /* EXTPreferences.xib */,
			);
			name = XIBs;
			sourceTree = "<group>";
		};
		19C28FB0FE9D524F11CA2CBB /* Products */ = {
			isa = PBXGroup;
			children = (
				8D15AC370486D014006FF6A4 /* Ext Chart.app */,
			);
			name = Products;
			sourceTree = "<group>";
		};
		2A37F4AAFDCFA73011CA2CEA /* Ext Chart */ = {
			isa = PBXGroup;
			children = (
				2A37F4ABFDCFA73011CA2CEA /* Classes */,
				2A37F4AFFDCFA73011CA2CEA /* Other Sources */,
				2A37F4B8FDCFA73011CA2CEA /* Resources */,
				2A37F4C3FDCFA73011CA2CEA /* Frameworks */,
				19C28FB0FE9D524F11CA2CBB /* Products */,
			);
			name = "Ext Chart";
			sourceTree = "<group>";
		};
		2A37F4ABFDCFA73011CA2CEA /* Classes */ = {
			isa = PBXGroup;
			children = (
				14C13C4D174FE39A001BE9F9 /* Model */,
				14C13C4F174FE410001BE9F9 /* Controllers */,
				14C13C4E174FE3B3001BE9F9 /* Views */,
				14C13C50174FE468001BE9F9 /* Documents */,
				149A0EA5176C4065006F6142 /* System Categories */,
				143F3DFF176D616800FB92B3 /* Support */,
				38F7830A17565F72009D207A /* LICENSE */,
				38DDAA7A16EDA8990001841D /* README.md */,
				318EC0681409385F005D21D4 /* to do list.rtf */,
				38A1AB6D1727009C00F9F9D5 /* todo.md */,
			);
			name = Classes;
			sourceTree = "<group>";
		};
		2A37F4AFFDCFA73011CA2CEA /* Other Sources */ = {
			isa = PBXGroup;
			children = (
				3804BF6C17C07D7300A74325 /* EXTMatrixEditor.h */,
				3804BF6D17C07D7300A74325 /* EXTMatrixEditor.m */,
				3804BF5917C0772800A74325 /* MBTableGrid */,
				2564AD2C0F5327BB00F57823 /* Ext_Chart_Prefix.pch */,
				2A37F4B0FDCFA73011CA2CEA /* main.m */,
			);
			name = "Other Sources";
			sourceTree = "<group>";
		};
		2A37F4B8FDCFA73011CA2CEA /* Resources */ = {
			isa = PBXGroup;
			children = (
				14EF1A641756EE020012DD3C /* XIBs */,
				14EF1A611756ED430012DD3C /* Images */,
				8D15AC360486D014006FF6A4 /* Ext_Chart-Info.plist */,
				089C165FFE840EACC02AAC07 /* InfoPlist.strings */,
			);
			name = Resources;
			sourceTree = "<group>";
		};
		2A37F4C3FDCFA73011CA2CEA /* Frameworks */ = {
			isa = PBXGroup;
			children = (
				1058C7A6FEA54F5311CA2CBB /* Linked Frameworks */,
				1058C7A8FEA54F5311CA2CBB /* Other Frameworks */,
			);
			name = Frameworks;
			sourceTree = "<group>";
		};
		3804BF5917C0772800A74325 /* MBTableGrid */ = {
			isa = PBXGroup;
			children = (
				3804BF5A17C0775C00A74325 /* MBTableGrid.h */,
				3804BF5B17C0775C00A74325 /* MBTableGrid.m */,
				3804BF5C17C0775C00A74325 /* MBTableGridCell.h */,
				3804BF5D17C0775C00A74325 /* MBTableGridCell.m */,
				3804BF5E17C0775C00A74325 /* MBTableGridContentView.h */,
				3804BF5F17C0775C00A74325 /* MBTableGridContentView.m */,
				3804BF6017C0775C00A74325 /* MBTableGridController.h */,
				3804BF6117C0775C00A74325 /* MBTableGridController.m */,
				3804BF6217C0775C00A74325 /* MBTableGridHeaderCell.h */,
				3804BF6317C0775C00A74325 /* MBTableGridHeaderCell.m */,
				3804BF6417C0775C00A74325 /* MBTableGridHeaderView.h */,
				3804BF6517C0775C00A74325 /* MBTableGridHeaderView.m */,
			);
			name = MBTableGrid;
			sourceTree = "<group>";
		};
		3869FCF417B442AE00D0D740 /* Locations */ = {
			isa = PBXGroup;
			children = (
				38F7830F17566281009D207A /* EXTLocation.h */,
				093AEADB13E10759003E9F58 /* EXTPair.h */,
				093AEADC13E10759003E9F58 /* EXTPair.m */,
				38F783101756AEBF009D207A /* EXTTriple.h */,
				38F783111756AEBF009D207A /* EXTTriple.m */,
			);
			name = Locations;
			sourceTree = "<group>";
		};
/* End PBXGroup section */

/* Begin PBXNativeTarget section */
		8D15AC270486D014006FF6A4 /* Ext Chart */ = {
			isa = PBXNativeTarget;
			buildConfigurationList = C05733C708A9546B00998B17 /* Build configuration list for PBXNativeTarget "Ext Chart" */;
			buildPhases = (
				8D15AC2B0486D014006FF6A4 /* Resources */,
				8D15AC300486D014006FF6A4 /* Sources */,
				8D15AC330486D014006FF6A4 /* Frameworks */,
			);
			buildRules = (
			);
			dependencies = (
			);
			name = "Ext Chart";
			productInstallPath = "$(HOME)/Applications";
			productName = "Ext Chart";
			productReference = 8D15AC370486D014006FF6A4 /* Ext Chart.app */;
			productType = "com.apple.product-type.application";
		};
/* End PBXNativeTarget section */

/* Begin PBXProject section */
		2A37F4A9FDCFA73011CA2CEA /* Project object */ = {
			isa = PBXProject;
			attributes = {
				LastUpgradeCheck = 0500;
				ORGANIZATIONNAME = "Harvard University";
			};
			buildConfigurationList = C05733CB08A9546B00998B17 /* Build configuration list for PBXProject "Ext Chart" */;
			compatibilityVersion = "Xcode 3.2";
			developmentRegion = English;
			hasScannedForEncodings = 1;
			knownRegions = (
				English,
				Japanese,
				French,
				German,
			);
			mainGroup = 2A37F4AAFDCFA73011CA2CEA /* Ext Chart */;
			projectDirPath = "";
			projectRoot = "";
			targets = (
				8D15AC270486D014006FF6A4 /* Ext Chart */,
			);
		};
/* End PBXProject section */

/* Begin PBXResourcesBuildPhase section */
		8D15AC2B0486D014006FF6A4 /* Resources */ = {
			isa = PBXResourcesBuildPhase;
			buildActionMask = 2147483647;
			files = (
				8D15AC2F0486D014006FF6A4 /* InfoPlist.strings in Resources */,
				1DDD582C0DA1D0D100B32029 /* EXTDocument.xib in Resources */,
				1DDD582D0DA1D0D100B32029 /* MainMenu.xib in Resources */,
				318EC0691409385F005D21D4 /* to do list.rtf in Resources */,
				38DDAA7B16EDA8990001841D /* README.md in Resources */,
				38A1AB6E1727009C00F9F9D5 /* todo.md in Resources */,
				38F7830B17565F72009D207A /* LICENSE in Resources */,
				14CCA38C1794F21D002EF861 /* ArtBoardTool.pdf in Resources */,
				14CCA38E1794F21D002EF861 /* Ext Chart.iconset in Resources */,
				3897740617F78B5800C6AD2F /* EXTZeroRangesInspector.xib in Resources */,
				38A92122179DCED8000B827D /* DifferentialTool.pdf in Resources */,
				38A92123179DCED8000B827D /* MultiplicativeStructureTool.pdf in Resources */,
				38A92125179DDF06000B827D /* GeneratorTool.pdf in Resources */,
				385BF10D17AAD8C2008CA5B6 /* EXTGeneratorInspectorView.xib in Resources */,
				149831A117AE04F3000380A5 /* EXTNewDocument.xib in Resources */,
				149831A617AE65EA000380A5 /* A1MSS Example.pdf in Resources */,
				149831A717AE65EA000380A5 /* KUhC2 Example.pdf in Resources */,
				149831A817AE65EA000380A5 /* Random Example.pdf in Resources */,
				149831A917AE65EA000380A5 /* S5 Example.pdf in Resources */,
				3869FCF917B4587100D0D740 /* EXTDifferentialPane.xib in Resources */,
				1460B40E17B7360700B575E3 /* EXTPreferences.xib in Resources */,
				14F930BB17BF39EC0000176A /* EXTGridInspectorView.xib in Resources */,
				38F707B917CDCD9D002273B1 /* EXTLeibnizWindow.xib in Resources */,
			);
			runOnlyForDeploymentPostprocessing = 0;
		};
/* End PBXResourcesBuildPhase section */

/* Begin PBXSourcesBuildPhase section */
		8D15AC300486D014006FF6A4 /* Sources */ = {
			isa = PBXSourcesBuildPhase;
			buildActionMask = 2147483647;
			files = (
				8D15AC310486D014006FF6A4 /* EXTDocument.m in Sources */,
				8D15AC320486D014006FF6A4 /* main.m in Sources */,
				317707C413D784B0003475A2 /* EXTGrid.m in Sources */,
				317707E113D7893A003475A2 /* EXTChartView.m in Sources */,
				31D403BB13DA0476006A8C06 /* EXTTerm.m in Sources */,
				31D403C013DA04D8006A8C06 /* EXTDifferential.m in Sources */,
				3187BA2713DC6C6C00C26803 /* EXTScrollView.m in Sources */,
				093AEADD13E10759003E9F58 /* EXTPair.m in Sources */,
				31C77BA813E63F6800E9DBFC /* EXTAppController.m in Sources */,
				31D5D2E513F6933B00F1B2F9 /* EXTArtBoard.m in Sources */,
				3896548D16F538D90008FB8D /* EXTMatrix.m in Sources */,
				389FB38D17498AF500D0FE75 /* EXTMultiplicationTables.m in Sources */,
				38F783121756AEBF009D207A /* EXTTriple.m in Sources */,
				38B4B08417597EA80065D421 /* EXTSpectralSequence.m in Sources */,
				14EF1A6B17584C080012DD3C /* EXTDocumentWindowController.m in Sources */,
				143F3DFE176D615100FB92B3 /* EXTUtilities.m in Sources */,
				3841EBD2177380C000ADA929 /* EXTZeroRange.m in Sources */,
				38F9220C17888DE200E30900 /* EXTPolynomialSSeq.m in Sources */,
				38A35E75178A018600D2A019 /* EXTDemos.m in Sources */,
				149314581783B6EB0080EF28 /* EXTDocumentControlsView.m in Sources */,
				38FB16CA178CB35D00D7D62B /* EXTMaySpectralSequence.m in Sources */,
				1467B26E178CF15E0084A2F6 /* EXTDocumentInspectorView.m in Sources */,
				385BF11017AAD8D5008CA5B6 /* EXTGeneratorInspectorViewController.m in Sources */,
				149831A017AE04F3000380A5 /* EXTNewDocumentWindowController.m in Sources */,
				14CD477117F00273007D71F1 /* EXTMarquee.m in Sources */,
				3869FCF817B4587100D0D740 /* EXTDifferentialPaneController.m in Sources */,
				14D78E5D17B5E44000B1BB52 /* EXTChartViewController.m in Sources */,
				1460B40C17B735BD00B575E3 /* EXTPreferencesWindowController.m in Sources */,
				14741D7217B7535A00AF73D9 /* NSUserDefaults+EXTAdditions.m in Sources */,
				14E757CD17BF128F008BED48 /* EXTGridInspectorViewController.m in Sources */,
				3804BF6617C0775C00A74325 /* MBTableGrid.m in Sources */,
				3804BF6717C0775C00A74325 /* MBTableGridCell.m in Sources */,
				3804BF6817C0775C00A74325 /* MBTableGridContentView.m in Sources */,
				3804BF6917C0775C00A74325 /* MBTableGridController.m in Sources */,
				3804BF6A17C0775C00A74325 /* MBTableGridHeaderCell.m in Sources */,
				3804BF6B17C0775C00A74325 /* MBTableGridHeaderView.m in Sources */,
				3897740517F78B5800C6AD2F /* EXTZeroRangesInspector.m in Sources */,
				3804BF6E17C07D7300A74325 /* EXTMatrixEditor.m in Sources */,
				38F707B817CDCD9D002273B1 /* EXTLeibnizWindowController.m in Sources */,
				1462B38B17D19D4A00BFDF50 /* EXTToolboxView.m in Sources */,
				14F16A1617D34EE5002EACD3 /* NSKeyedArchiver+EXTAdditions.m in Sources */,
			);
			runOnlyForDeploymentPostprocessing = 0;
		};
/* End PBXSourcesBuildPhase section */

/* Begin PBXVariantGroup section */
		089C165FFE840EACC02AAC07 /* InfoPlist.strings */ = {
			isa = PBXVariantGroup;
			children = (
				089C1660FE840EACC02AAC07 /* English */,
			);
			name = InfoPlist.strings;
			sourceTree = "<group>";
		};
		1DDD58280DA1D0D100B32029 /* EXTDocument.xib */ = {
			isa = PBXVariantGroup;
			children = (
				1DDD58290DA1D0D100B32029 /* English */,
			);
			name = EXTDocument.xib;
			sourceTree = "<group>";
		};
		1DDD582A0DA1D0D100B32029 /* MainMenu.xib */ = {
			isa = PBXVariantGroup;
			children = (
				1DDD582B0DA1D0D100B32029 /* English */,
			);
			name = MainMenu.xib;
			sourceTree = "<group>";
		};
		385BF10B17AAD8C2008CA5B6 /* EXTGeneratorInspectorView.xib */ = {
			isa = PBXVariantGroup;
			children = (
				385BF10C17AAD8C2008CA5B6 /* English */,
			);
			name = EXTGeneratorInspectorView.xib;
			sourceTree = "<group>";
		};
/* End PBXVariantGroup section */

/* Begin XCBuildConfiguration section */
		C05733C808A9546B00998B17 /* Debug */ = {
			isa = XCBuildConfiguration;
			buildSettings = {
				ALWAYS_SEARCH_USER_PATHS = NO;
				CLANG_ENABLE_OBJC_ARC = YES;
				CLANG_WARN_INT_CONVERSION = YES;
				CLANG_WARN_SUSPICIOUS_IMPLICIT_CONVERSION = YES;
				CLANG_WARN__DUPLICATE_METHOD_MATCH = YES;
				COMBINE_HIDPI_IMAGES = YES;
				COPY_PHASE_STRIP = NO;
				GCC_DYNAMIC_NO_PIC = NO;
				GCC_MODEL_TUNING = G5;
				GCC_OPTIMIZATION_LEVEL = 0;
				GCC_PRECOMPILE_PREFIX_HEADER = YES;
				GCC_PREFIX_HEADER = Ext_Chart_Prefix.pch;
				GCC_TREAT_INCOMPATIBLE_POINTER_TYPE_WARNINGS_AS_ERRORS = NO;
				GCC_WARN_PEDANTIC = YES;
				GCC_WARN_UNINITIALIZED_AUTOS = YES;
				INFOPLIST_FILE = "Ext_Chart-Info.plist";
				INSTALL_PATH = "$(HOME)/Applications";
				MACOSX_DEPLOYMENT_TARGET = 10.8;
				PRODUCT_NAME = "Ext Chart";
				RUN_CLANG_STATIC_ANALYZER = NO;
				SDKROOT = macosx;
			};
			name = Debug;
		};
		C05733C908A9546B00998B17 /* Release */ = {
			isa = XCBuildConfiguration;
			buildSettings = {
				ALWAYS_SEARCH_USER_PATHS = NO;
				CLANG_ENABLE_OBJC_ARC = YES;
				CLANG_WARN_INT_CONVERSION = YES;
				CLANG_WARN_SUSPICIOUS_IMPLICIT_CONVERSION = YES;
				CLANG_WARN__DUPLICATE_METHOD_MATCH = YES;
				COMBINE_HIDPI_IMAGES = YES;
				DEBUG_INFORMATION_FORMAT = "dwarf-with-dsym";
				GCC_MODEL_TUNING = G5;
				GCC_PRECOMPILE_PREFIX_HEADER = YES;
				GCC_PREFIX_HEADER = Ext_Chart_Prefix.pch;
				GCC_TREAT_INCOMPATIBLE_POINTER_TYPE_WARNINGS_AS_ERRORS = NO;
				GCC_WARN_PEDANTIC = YES;
				GCC_WARN_UNINITIALIZED_AUTOS = YES;
				INFOPLIST_FILE = "Ext_Chart-Info.plist";
				INSTALL_PATH = "$(HOME)/Applications";
				MACOSX_DEPLOYMENT_TARGET = 10.8;
				PRODUCT_NAME = "Ext Chart";
				RUN_CLANG_STATIC_ANALYZER = NO;
				SDKROOT = macosx;
			};
			name = Release;
		};
		C05733CC08A9546B00998B17 /* Debug */ = {
			isa = XCBuildConfiguration;
			buildSettings = {
				GCC_C_LANGUAGE_STANDARD = gnu99;
				GCC_OPTIMIZATION_LEVEL = 0;
				"GCC_PREPROCESSOR_DEFINITIONS[arch=*]" = DEBUG;
				GCC_WARN_ABOUT_RETURN_TYPE = YES;
				GCC_WARN_UNUSED_VARIABLE = YES;
				HEADER_SEARCH_PATHS = "\"$SRCROOT\"";
				ONLY_ACTIVE_ARCH = YES;
				SDKROOT = "";
				WARNING_CFLAGS = "-Wno-gnu";
			};
			name = Debug;
		};
		C05733CD08A9546B00998B17 /* Release */ = {
			isa = XCBuildConfiguration;
			buildSettings = {
				GCC_C_LANGUAGE_STANDARD = gnu99;
				GCC_WARN_ABOUT_RETURN_TYPE = YES;
				GCC_WARN_UNUSED_VARIABLE = YES;
				HEADER_SEARCH_PATHS = "\"$SRCROOT\"";
				SDKROOT = "";
				WARNING_CFLAGS = "-Wno-gnu";
			};
			name = Release;
		};
/* End XCBuildConfiguration section */

/* Begin XCConfigurationList section */
		C05733C708A9546B00998B17 /* Build configuration list for PBXNativeTarget "Ext Chart" */ = {
			isa = XCConfigurationList;
			buildConfigurations = (
				C05733C808A9546B00998B17 /* Debug */,
				C05733C908A9546B00998B17 /* Release */,
			);
			defaultConfigurationIsVisible = 0;
			defaultConfigurationName = Release;
		};
		C05733CB08A9546B00998B17 /* Build configuration list for PBXProject "Ext Chart" */ = {
			isa = XCConfigurationList;
			buildConfigurations = (
				C05733CC08A9546B00998B17 /* Debug */,
				C05733CD08A9546B00998B17 /* Release */,
			);
			defaultConfigurationIsVisible = 0;
			defaultConfigurationName = Release;
		};
/* End XCConfigurationList section */
	};
	rootObject = 2A37F4A9FDCFA73011CA2CEA /* Project object */;
}
