// !$*UTF8*$!
{
	archiveVersion = 1;
	classes = {
	};
	objectVersion = 46;
	objects = {

/* Begin PBXBuildFile section */
		8D11072A0486CEB800E47090 /* MainMenu.nib in Resources */ = {isa = PBXBuildFile; fileRef = 29B97318FDCFA39411CA2CEA /* MainMenu.nib */; };
		8D11072B0486CEB800E47090 /* InfoPlist.strings in Resources */ = {isa = PBXBuildFile; fileRef = 089C165CFE840E0CC02AAC07 /* InfoPlist.strings */; };
		8D11072D0486CEB800E47090 /* main.m in Sources */ = {isa = PBXBuildFile; fileRef = 29B97316FDCFA39411CA2CEA /* main.m */; settings = {ATTRIBUTES = (); }; };
		8D11072F0486CEB800E47090 /* Cocoa.framework in Frameworks */ = {isa = PBXBuildFile; fileRef = 1058C7A1FEA54F0111CA2CBB /* Cocoa.framework */; };
		C9412A5F0D8AE98C00E9E614 /* MBTableGridController.m in Sources */ = {isa = PBXBuildFile; fileRef = C9412A5E0D8AE98C00E9E614 /* MBTableGridController.m */; };
		E2E62BAC1781C33500F36275 /* Cocoa.framework in Frameworks */ = {isa = PBXBuildFile; fileRef = E2E62BAB1781C33400F36275 /* Cocoa.framework */; };
		E2E62BB21781C33500F36275 /* InfoPlist.strings in Resources */ = {isa = PBXBuildFile; fileRef = E2E62BB01781C33500F36275 /* InfoPlist.strings */; };
		E2E62BBA1781C37300F36275 /* MBTableGrid.m in Sources */ = {isa = PBXBuildFile; fileRef = C9412A3E0D8A061C00E9E614 /* MBTableGrid.m */; };
		E2E62BBB1781C37600F36275 /* MBTableGridContentView.m in Sources */ = {isa = PBXBuildFile; fileRef = C9412B210D8B2C5E00E9E614 /* MBTableGridContentView.m */; };
		E2E62BBC1781C37800F36275 /* MBTableGridHeaderView.m in Sources */ = {isa = PBXBuildFile; fileRef = C9412B390D8B2F5400E9E614 /* MBTableGridHeaderView.m */; };
		E2E62BBD1781C37B00F36275 /* MBTableGridHeaderCell.m in Sources */ = {isa = PBXBuildFile; fileRef = C9412A4A0D8A294F00E9E614 /* MBTableGridHeaderCell.m */; };
		E2E62BBE1781C38000F36275 /* MBTableGridCell.m in Sources */ = {isa = PBXBuildFile; fileRef = C9412D7C0D8B5AB900E9E614 /* MBTableGridCell.m */; };
		E2E62BBF1781C3FE00F36275 /* MBTableGrid.framework in Frameworks */ = {isa = PBXBuildFile; fileRef = E2E62BAA1781C33400F36275 /* MBTableGrid.framework */; };
		E2E62BF71781C53800F36275 /* MBTableGrid.h in Headers */ = {isa = PBXBuildFile; fileRef = C9412A3D0D8A061C00E9E614 /* MBTableGrid.h */; settings = {ATTRIBUTES = (Public, ); }; };
		E2E62BF81781C53800F36275 /* MBTableGridContentView.h in Headers */ = {isa = PBXBuildFile; fileRef = C9412B200D8B2C5E00E9E614 /* MBTableGridContentView.h */; };
		E2E62BF91781C53800F36275 /* MBTableGridHeaderView.h in Headers */ = {isa = PBXBuildFile; fileRef = C9412B380D8B2F5400E9E614 /* MBTableGridHeaderView.h */; };
		E2E62BFA1781C53800F36275 /* MBTableGridHeaderCell.h in Headers */ = {isa = PBXBuildFile; fileRef = C9412A490D8A294F00E9E614 /* MBTableGridHeaderCell.h */; };
		E2E62BFB1781C53800F36275 /* MBTableGridCell.h in Headers */ = {isa = PBXBuildFile; fileRef = C9412D7B0D8B5AB900E9E614 /* MBTableGridCell.h */; };
/* End PBXBuildFile section */

/* Begin PBXFileReference section */
		089C165DFE840E0CC02AAC07 /* English */ = {isa = PBXFileReference; fileEncoding = 10; lastKnownFileType = text.plist.strings; name = English; path = English.lproj/InfoPlist.strings; sourceTree = "<group>"; };
		1058C7A1FEA54F0111CA2CBB /* Cocoa.framework */ = {isa = PBXFileReference; lastKnownFileType = wrapper.framework; name = Cocoa.framework; path = /System/Library/Frameworks/Cocoa.framework; sourceTree = "<absolute>"; };
		13E42FB307B3F0F600E4EEF1 /* CoreData.framework */ = {isa = PBXFileReference; lastKnownFileType = wrapper.framework; name = CoreData.framework; path = /System/Library/Frameworks/CoreData.framework; sourceTree = "<absolute>"; };
		29B97316FDCFA39411CA2CEA /* main.m */ = {isa = PBXFileReference; fileEncoding = 4; lastKnownFileType = sourcecode.c.objc; path = main.m; sourceTree = "<group>"; };
		29B97319FDCFA39411CA2CEA /* English */ = {isa = PBXFileReference; lastKnownFileType = wrapper.nib; name = English; path = English.lproj/MainMenu.nib; sourceTree = "<group>"; };
		29B97324FDCFA39411CA2CEA /* AppKit.framework */ = {isa = PBXFileReference; lastKnownFileType = wrapper.framework; name = AppKit.framework; path = /System/Library/Frameworks/AppKit.framework; sourceTree = "<absolute>"; };
		29B97325FDCFA39411CA2CEA /* Foundation.framework */ = {isa = PBXFileReference; lastKnownFileType = wrapper.framework; name = Foundation.framework; path = /System/Library/Frameworks/Foundation.framework; sourceTree = "<absolute>"; };
		32CA4F630368D1EE00C91783 /* MBTableGrid_Prefix.pch */ = {isa = PBXFileReference; fileEncoding = 4; lastKnownFileType = sourcecode.c.h; path = MBTableGrid_Prefix.pch; sourceTree = "<group>"; };
		8D1107310486CEB800E47090 /* Info.plist */ = {isa = PBXFileReference; fileEncoding = 4; lastKnownFileType = text.plist.xml; path = Info.plist; sourceTree = "<group>"; };
		8D1107320486CEB800E47090 /* MBTableGrid.app */ = {isa = PBXFileReference; explicitFileType = wrapper.application; includeInIndex = 0; path = MBTableGrid.app; sourceTree = BUILT_PRODUCTS_DIR; };
		C9412A3D0D8A061C00E9E614 /* MBTableGrid.h */ = {isa = PBXFileReference; fileEncoding = 4; lastKnownFileType = sourcecode.c.h; path = MBTableGrid.h; sourceTree = SOURCE_ROOT; };
		C9412A3E0D8A061C00E9E614 /* MBTableGrid.m */ = {isa = PBXFileReference; fileEncoding = 4; lastKnownFileType = sourcecode.c.objc; path = MBTableGrid.m; sourceTree = SOURCE_ROOT; };
		C9412A490D8A294F00E9E614 /* MBTableGridHeaderCell.h */ = {isa = PBXFileReference; fileEncoding = 4; lastKnownFileType = sourcecode.c.h; path = MBTableGridHeaderCell.h; sourceTree = SOURCE_ROOT; };
		C9412A4A0D8A294F00E9E614 /* MBTableGridHeaderCell.m */ = {isa = PBXFileReference; fileEncoding = 4; lastKnownFileType = sourcecode.c.objc; path = MBTableGridHeaderCell.m; sourceTree = SOURCE_ROOT; };
		C9412A5D0D8AE98C00E9E614 /* MBTableGridController.h */ = {isa = PBXFileReference; fileEncoding = 4; lastKnownFileType = sourcecode.c.h; path = MBTableGridController.h; sourceTree = "<group>"; };
		C9412A5E0D8AE98C00E9E614 /* MBTableGridController.m */ = {isa = PBXFileReference; fileEncoding = 4; lastKnownFileType = sourcecode.c.objc; path = MBTableGridController.m; sourceTree = "<group>"; };
		C9412B200D8B2C5E00E9E614 /* MBTableGridContentView.h */ = {isa = PBXFileReference; fileEncoding = 4; lastKnownFileType = sourcecode.c.h; path = MBTableGridContentView.h; sourceTree = SOURCE_ROOT; };
		C9412B210D8B2C5E00E9E614 /* MBTableGridContentView.m */ = {isa = PBXFileReference; fileEncoding = 4; lastKnownFileType = sourcecode.c.objc; path = MBTableGridContentView.m; sourceTree = SOURCE_ROOT; };
		C9412B380D8B2F5400E9E614 /* MBTableGridHeaderView.h */ = {isa = PBXFileReference; fileEncoding = 4; lastKnownFileType = sourcecode.c.h; path = MBTableGridHeaderView.h; sourceTree = SOURCE_ROOT; };
		C9412B390D8B2F5400E9E614 /* MBTableGridHeaderView.m */ = {isa = PBXFileReference; fileEncoding = 4; lastKnownFileType = sourcecode.c.objc; path = MBTableGridHeaderView.m; sourceTree = SOURCE_ROOT; };
		C9412D7B0D8B5AB900E9E614 /* MBTableGridCell.h */ = {isa = PBXFileReference; fileEncoding = 4; lastKnownFileType = sourcecode.c.h; path = MBTableGridCell.h; sourceTree = SOURCE_ROOT; };
		C9412D7C0D8B5AB900E9E614 /* MBTableGridCell.m */ = {isa = PBXFileReference; fileEncoding = 4; lastKnownFileType = sourcecode.c.objc; path = MBTableGridCell.m; sourceTree = SOURCE_ROOT; };
		E2E62BAA1781C33400F36275 /* MBTableGrid.framework */ = {isa = PBXFileReference; explicitFileType = wrapper.framework; includeInIndex = 0; path = MBTableGrid.framework; sourceTree = BUILT_PRODUCTS_DIR; };
		E2E62BAB1781C33400F36275 /* Cocoa.framework */ = {isa = PBXFileReference; lastKnownFileType = wrapper.framework; name = Cocoa.framework; path = System/Library/Frameworks/Cocoa.framework; sourceTree = SDKROOT; };
		E2E62BAF1781C33500F36275 /* MBTableGrid-Info.plist */ = {isa = PBXFileReference; lastKnownFileType = text.plist.xml; path = "MBTableGrid-Info.plist"; sourceTree = "<group>"; };
		E2E62BB11781C33500F36275 /* en */ = {isa = PBXFileReference; lastKnownFileType = text.plist.strings; name = en; path = en.lproj/InfoPlist.strings; sourceTree = "<group>"; };
		E2E62BB31781C33500F36275 /* MBTableGrid-Prefix.pch */ = {isa = PBXFileReference; lastKnownFileType = sourcecode.c.h; path = "MBTableGrid-Prefix.pch"; sourceTree = "<group>"; };
/* End PBXFileReference section */

/* Begin PBXFrameworksBuildPhase section */
		8D11072E0486CEB800E47090 /* Frameworks */ = {
			isa = PBXFrameworksBuildPhase;
			buildActionMask = 2147483647;
			files = (
				8D11072F0486CEB800E47090 /* Cocoa.framework in Frameworks */,
				E2E62BBF1781C3FE00F36275 /* MBTableGrid.framework in Frameworks */,
			);
			runOnlyForDeploymentPostprocessing = 0;
		};
		E2E62BA61781C33400F36275 /* Frameworks */ = {
			isa = PBXFrameworksBuildPhase;
			buildActionMask = 2147483647;
			files = (
				E2E62BAC1781C33500F36275 /* Cocoa.framework in Frameworks */,
			);
			runOnlyForDeploymentPostprocessing = 0;
		};
/* End PBXFrameworksBuildPhase section */

/* Begin PBXGroup section */
		080E96DDFE201D6D7F000001 /* Classes */ = {
			isa = PBXGroup;
			children = (
				C9412A5D0D8AE98C00E9E614 /* MBTableGridController.h */,
				C9412A5E0D8AE98C00E9E614 /* MBTableGridController.m */,
			);
			name = Classes;
			sourceTree = "<group>";
		};
		1058C7A0FEA54F0111CA2CBB /* Linked Frameworks */ = {
			isa = PBXGroup;
			children = (
				1058C7A1FEA54F0111CA2CBB /* Cocoa.framework */,
			);
			name = "Linked Frameworks";
			sourceTree = "<group>";
		};
		1058C7A2FEA54F0111CA2CBB /* Other Frameworks */ = {
			isa = PBXGroup;
			children = (
				29B97324FDCFA39411CA2CEA /* AppKit.framework */,
				13E42FB307B3F0F600E4EEF1 /* CoreData.framework */,
				29B97325FDCFA39411CA2CEA /* Foundation.framework */,
			);
			name = "Other Frameworks";
			sourceTree = "<group>";
		};
		19C28FACFE9D520D11CA2CBB /* Products */ = {
			isa = PBXGroup;
			children = (
				8D1107320486CEB800E47090 /* MBTableGrid.app */,
				E2E62BAA1781C33400F36275 /* MBTableGrid.framework */,
			);
			name = Products;
			sourceTree = "<group>";
		};
		29B97314FDCFA39411CA2CEA /* MBTableGrid */ = {
			isa = PBXGroup;
			children = (
				080E96DDFE201D6D7F000001 /* Classes */,
				29B97315FDCFA39411CA2CEA /* Other Sources */,
				29B97317FDCFA39411CA2CEA /* Resources */,
				E2E62BAD1781C33500F36275 /* MBTableGrid */,
				29B97323FDCFA39411CA2CEA /* Frameworks */,
				19C28FACFE9D520D11CA2CBB /* Products */,
			);
			name = MBTableGrid;
			sourceTree = "<group>";
		};
		29B97315FDCFA39411CA2CEA /* Other Sources */ = {
			isa = PBXGroup;
			children = (
				32CA4F630368D1EE00C91783 /* MBTableGrid_Prefix.pch */,
				29B97316FDCFA39411CA2CEA /* main.m */,
			);
			name = "Other Sources";
			sourceTree = "<group>";
		};
		29B97317FDCFA39411CA2CEA /* Resources */ = {
			isa = PBXGroup;
			children = (
				8D1107310486CEB800E47090 /* Info.plist */,
				089C165CFE840E0CC02AAC07 /* InfoPlist.strings */,
				29B97318FDCFA39411CA2CEA /* MainMenu.nib */,
			);
			name = Resources;
			sourceTree = "<group>";
		};
		29B97323FDCFA39411CA2CEA /* Frameworks */ = {
			isa = PBXGroup;
			children = (
				1058C7A0FEA54F0111CA2CBB /* Linked Frameworks */,
				E2E62BAB1781C33400F36275 /* Cocoa.framework */,
				1058C7A2FEA54F0111CA2CBB /* Other Frameworks */,
			);
			name = Frameworks;
			sourceTree = "<group>";
		};
		E2E62BAD1781C33500F36275 /* MBTableGrid */ = {
			isa = PBXGroup;
			children = (
				C9412A3D0D8A061C00E9E614 /* MBTableGrid.h */,
				C9412A3E0D8A061C00E9E614 /* MBTableGrid.m */,
				C9412B200D8B2C5E00E9E614 /* MBTableGridContentView.h */,
				C9412B210D8B2C5E00E9E614 /* MBTableGridContentView.m */,
				C9412B380D8B2F5400E9E614 /* MBTableGridHeaderView.h */,
				C9412B390D8B2F5400E9E614 /* MBTableGridHeaderView.m */,
				C9412A490D8A294F00E9E614 /* MBTableGridHeaderCell.h */,
				C9412A4A0D8A294F00E9E614 /* MBTableGridHeaderCell.m */,
				C9412D7B0D8B5AB900E9E614 /* MBTableGridCell.h */,
				C9412D7C0D8B5AB900E9E614 /* MBTableGridCell.m */,
				E2E62BAE1781C33500F36275 /* Supporting Files */,
			);
			path = MBTableGrid;
			sourceTree = "<group>";
		};
		E2E62BAE1781C33500F36275 /* Supporting Files */ = {
			isa = PBXGroup;
			children = (
				E2E62BAF1781C33500F36275 /* MBTableGrid-Info.plist */,
				E2E62BB01781C33500F36275 /* InfoPlist.strings */,
				E2E62BB31781C33500F36275 /* MBTableGrid-Prefix.pch */,
			);
			name = "Supporting Files";
			sourceTree = "<group>";
		};
/* End PBXGroup section */

/* Begin PBXHeadersBuildPhase section */
		E2E62BA71781C33400F36275 /* Headers */ = {
			isa = PBXHeadersBuildPhase;
			buildActionMask = 2147483647;
			files = (
				E2E62BF71781C53800F36275 /* MBTableGrid.h in Headers */,
				E2E62BF81781C53800F36275 /* MBTableGridContentView.h in Headers */,
				E2E62BF91781C53800F36275 /* MBTableGridHeaderView.h in Headers */,
				E2E62BFB1781C53800F36275 /* MBTableGridCell.h in Headers */,
				E2E62BFA1781C53800F36275 /* MBTableGridHeaderCell.h in Headers */,
			);
			runOnlyForDeploymentPostprocessing = 0;
		};
/* End PBXHeadersBuildPhase section */

/* Begin PBXNativeTarget section */
		8D1107260486CEB800E47090 /* MBTableGridDemo */ = {
			isa = PBXNativeTarget;
			buildConfigurationList = C01FCF4A08A954540054247B /* Build configuration list for PBXNativeTarget "MBTableGridDemo" */;
			buildPhases = (
				8D1107290486CEB800E47090 /* Resources */,
				8D11072C0486CEB800E47090 /* Sources */,
				8D11072E0486CEB800E47090 /* Frameworks */,
			);
			buildRules = (
			);
			dependencies = (
			);
			name = MBTableGridDemo;
			productInstallPath = "$(HOME)/Applications";
			productName = MBTableGrid;
			productReference = 8D1107320486CEB800E47090 /* MBTableGrid.app */;
			productType = "com.apple.product-type.application";
		};
		E2E62BA91781C33400F36275 /* MBTableGrid */ = {
			isa = PBXNativeTarget;
			buildConfigurationList = E2E62BB71781C33500F36275 /* Build configuration list for PBXNativeTarget "MBTableGrid" */;
			buildPhases = (
				E2E62BA51781C33400F36275 /* Sources */,
				E2E62BA61781C33400F36275 /* Frameworks */,
				E2E62BA71781C33400F36275 /* Headers */,
				E2E62BA81781C33400F36275 /* Resources */,
			);
			buildRules = (
			);
			dependencies = (
			);
			name = MBTableGrid;
			productName = MBTableGrid;
			productReference = E2E62BAA1781C33400F36275 /* MBTableGrid.framework */;
			productType = "com.apple.product-type.framework";
		};
/* End PBXNativeTarget section */

/* Begin PBXProject section */
		29B97313FDCFA39411CA2CEA /* Project object */ = {
			isa = PBXProject;
			attributes = {
				LastUpgradeCheck = 0460;
			};
			buildConfigurationList = C01FCF4E08A954540054247B /* Build configuration list for PBXProject "MBTableGrid" */;
			compatibilityVersion = "Xcode 3.2";
			developmentRegion = English;
			hasScannedForEncodings = 1;
			knownRegions = (
				en,
			);
			mainGroup = 29B97314FDCFA39411CA2CEA /* MBTableGrid */;
			projectDirPath = "";
			projectRoot = "";
			targets = (
				8D1107260486CEB800E47090 /* MBTableGridDemo */,
				E2E62BA91781C33400F36275 /* MBTableGrid */,
			);
		};
/* End PBXProject section */

/* Begin PBXResourcesBuildPhase section */
		8D1107290486CEB800E47090 /* Resources */ = {
			isa = PBXResourcesBuildPhase;
			buildActionMask = 2147483647;
			files = (
				8D11072A0486CEB800E47090 /* MainMenu.nib in Resources */,
				8D11072B0486CEB800E47090 /* InfoPlist.strings in Resources */,
			);
			runOnlyForDeploymentPostprocessing = 0;
		};
		E2E62BA81781C33400F36275 /* Resources */ = {
			isa = PBXResourcesBuildPhase;
			buildActionMask = 2147483647;
			files = (
				E2E62BB21781C33500F36275 /* InfoPlist.strings in Resources */,
			);
			runOnlyForDeploymentPostprocessing = 0;
		};
/* End PBXResourcesBuildPhase section */

/* Begin PBXSourcesBuildPhase section */
		8D11072C0486CEB800E47090 /* Sources */ = {
			isa = PBXSourcesBuildPhase;
			buildActionMask = 2147483647;
			files = (
				8D11072D0486CEB800E47090 /* main.m in Sources */,
				C9412A5F0D8AE98C00E9E614 /* MBTableGridController.m in Sources */,
			);
			runOnlyForDeploymentPostprocessing = 0;
		};
		E2E62BA51781C33400F36275 /* Sources */ = {
			isa = PBXSourcesBuildPhase;
			buildActionMask = 2147483647;
			files = (
				E2E62BBA1781C37300F36275 /* MBTableGrid.m in Sources */,
				E2E62BBB1781C37600F36275 /* MBTableGridContentView.m in Sources */,
				E2E62BBC1781C37800F36275 /* MBTableGridHeaderView.m in Sources */,
				E2E62BBD1781C37B00F36275 /* MBTableGridHeaderCell.m in Sources */,
				E2E62BBE1781C38000F36275 /* MBTableGridCell.m in Sources */,
			);
			runOnlyForDeploymentPostprocessing = 0;
		};
/* End PBXSourcesBuildPhase section */

/* Begin PBXVariantGroup section */
		089C165CFE840E0CC02AAC07 /* InfoPlist.strings */ = {
			isa = PBXVariantGroup;
			children = (
				089C165DFE840E0CC02AAC07 /* English */,
			);
			name = InfoPlist.strings;
			sourceTree = "<group>";
		};
		29B97318FDCFA39411CA2CEA /* MainMenu.nib */ = {
			isa = PBXVariantGroup;
			children = (
				29B97319FDCFA39411CA2CEA /* English */,
			);
			name = MainMenu.nib;
			sourceTree = "<group>";
		};
		E2E62BB01781C33500F36275 /* InfoPlist.strings */ = {
			isa = PBXVariantGroup;
			children = (
				E2E62BB11781C33500F36275 /* en */,
			);
			name = InfoPlist.strings;
			sourceTree = "<group>";
		};
/* End PBXVariantGroup section */

/* Begin XCBuildConfiguration section */
		C01FCF4B08A954540054247B /* Debug */ = {
			isa = XCBuildConfiguration;
			buildSettings = {
				ALWAYS_SEARCH_USER_PATHS = NO;
				ARCHS = "$(ARCHS_STANDARD_64_BIT)";
				CLANG_ENABLE_OBJC_ARC = YES;
				COMBINE_HIDPI_IMAGES = YES;
				COPY_PHASE_STRIP = NO;
				GCC_DYNAMIC_NO_PIC = NO;
				GCC_MODEL_TUNING = G5;
				GCC_OPTIMIZATION_LEVEL = 0;
				GCC_PRECOMPILE_PREFIX_HEADER = YES;
				GCC_PREFIX_HEADER = MBTableGrid_Prefix.pch;
				INFOPLIST_FILE = Info.plist;
				INSTALL_PATH = "$(HOME)/Applications";
				MACOSX_DEPLOYMENT_TARGET = 10.8;
				PRODUCT_NAME = MBTableGrid;
				SDKROOT = macosx;
			};
			name = Debug;
		};
		C01FCF4C08A954540054247B /* Release */ = {
			isa = XCBuildConfiguration;
			buildSettings = {
				ALWAYS_SEARCH_USER_PATHS = NO;
				ARCHS = "$(ARCHS_STANDARD_64_BIT)";
				CLANG_ENABLE_OBJC_ARC = YES;
				COMBINE_HIDPI_IMAGES = YES;
				DEBUG_INFORMATION_FORMAT = "dwarf-with-dsym";
				GCC_MODEL_TUNING = G5;
				GCC_PRECOMPILE_PREFIX_HEADER = YES;
				GCC_PREFIX_HEADER = MBTableGrid_Prefix.pch;
				INFOPLIST_FILE = Info.plist;
				INSTALL_PATH = "$(HOME)/Applications";
				MACOSX_DEPLOYMENT_TARGET = 10.8;
				PRODUCT_NAME = MBTableGrid;
				SDKROOT = macosx;
			};
			name = Release;
		};
		C01FCF4F08A954540054247B /* Debug */ = {
			isa = XCBuildConfiguration;
			buildSettings = {
				ALWAYS_SEARCH_USER_PATHS = NO;
				ARCHS = "$(ARCHS_STANDARD_32_BIT)";
				GCC_OPTIMIZATION_LEVEL = 0;
				GCC_WARN_ABOUT_RETURN_TYPE = YES;
				GCC_WARN_UNUSED_VARIABLE = YES;
				ONLY_ACTIVE_ARCH = YES;
				SDKROOT = macosx;
			};
			name = Debug;
		};
		C01FCF5008A954540054247B /* Release */ = {
			isa = XCBuildConfiguration;
			buildSettings = {
				ALWAYS_SEARCH_USER_PATHS = NO;
				ARCHS = "$(ARCHS_STANDARD_32_BIT)";
				GCC_WARN_ABOUT_RETURN_TYPE = YES;
				GCC_WARN_UNUSED_VARIABLE = YES;
				SDKROOT = macosx;
			};
			name = Release;
		};
		E2E62BB81781C33500F36275 /* Debug */ = {
			isa = XCBuildConfiguration;
			buildSettings = {
				ARCHS = "$(ARCHS_STANDARD_64_BIT)";
				CLANG_CXX_LANGUAGE_STANDARD = "gnu++0x";
				CLANG_CXX_LIBRARY = "libc++";
				CLANG_ENABLE_OBJC_ARC = YES;
				CLANG_WARN_CONSTANT_CONVERSION = YES;
				CLANG_WARN_EMPTY_BODY = YES;
				CLANG_WARN_ENUM_CONVERSION = YES;
				CLANG_WARN_INT_CONVERSION = YES;
				CLANG_WARN__DUPLICATE_METHOD_MATCH = YES;
				COMBINE_HIDPI_IMAGES = YES;
				COPY_PHASE_STRIP = NO;
				DYLIB_COMPATIBILITY_VERSION = 1;
				DYLIB_CURRENT_VERSION = 1;
				FRAMEWORK_VERSION = A;
				GCC_C_LANGUAGE_STANDARD = gnu99;
				GCC_DYNAMIC_NO_PIC = NO;
				GCC_ENABLE_OBJC_EXCEPTIONS = YES;
				GCC_PRECOMPILE_PREFIX_HEADER = YES;
				GCC_PREFIX_HEADER = "MBTableGrid/MBTableGrid-Prefix.pch";
				GCC_PREPROCESSOR_DEFINITIONS = (
					"DEBUG=1",
					"$(inherited)",
				);
				GCC_SYMBOLS_PRIVATE_EXTERN = NO;
				GCC_WARN_64_TO_32_BIT_CONVERSION = YES;
				GCC_WARN_UNINITIALIZED_AUTOS = YES;
				INFOPLIST_FILE = "MBTableGrid/MBTableGrid-Info.plist";
				INSTALL_PATH = "@loader_path/../Frameworks";
				MACOSX_DEPLOYMENT_TARGET = 10.8;
				PRODUCT_NAME = "$(TARGET_NAME)";
				WRAPPER_EXTENSION = framework;
			};
			name = Debug;
		};
		E2E62BB91781C33500F36275 /* Release */ = {
			isa = XCBuildConfiguration;
			buildSettings = {
				ARCHS = "$(ARCHS_STANDARD_64_BIT)";
				CLANG_CXX_LANGUAGE_STANDARD = "gnu++0x";
				CLANG_CXX_LIBRARY = "libc++";
				CLANG_ENABLE_OBJC_ARC = YES;
				CLANG_WARN_CONSTANT_CONVERSION = YES;
				CLANG_WARN_EMPTY_BODY = YES;
				CLANG_WARN_ENUM_CONVERSION = YES;
				CLANG_WARN_INT_CONVERSION = YES;
				CLANG_WARN__DUPLICATE_METHOD_MATCH = YES;
				COMBINE_HIDPI_IMAGES = YES;
				COPY_PHASE_STRIP = YES;
				DEBUG_INFORMATION_FORMAT = "dwarf-with-dsym";
				DYLIB_COMPATIBILITY_VERSION = 1;
				DYLIB_CURRENT_VERSION = 1;
				FRAMEWORK_VERSION = A;
				GCC_C_LANGUAGE_STANDARD = gnu99;
				GCC_ENABLE_OBJC_EXCEPTIONS = YES;
				GCC_PRECOMPILE_PREFIX_HEADER = YES;
				GCC_PREFIX_HEADER = "MBTableGrid/MBTableGrid-Prefix.pch";
				GCC_WARN_64_TO_32_BIT_CONVERSION = YES;
				GCC_WARN_UNINITIALIZED_AUTOS = YES;
				INFOPLIST_FILE = "MBTableGrid/MBTableGrid-Info.plist";
				INSTALL_PATH = "@loader_path/../Frameworks";
				MACOSX_DEPLOYMENT_TARGET = 10.8;
				PRODUCT_NAME = "$(TARGET_NAME)";
				WRAPPER_EXTENSION = framework;
			};
			name = Release;
		};
/* End XCBuildConfiguration section */

/* Begin XCConfigurationList section */
		C01FCF4A08A954540054247B /* Build configuration list for PBXNativeTarget "MBTableGridDemo" */ = {
			isa = XCConfigurationList;
			buildConfigurations = (
				C01FCF4B08A954540054247B /* Debug */,
				C01FCF4C08A954540054247B /* Release */,
			);
			defaultConfigurationIsVisible = 0;
			defaultConfigurationName = Release;
		};
		C01FCF4E08A954540054247B /* Build configuration list for PBXProject "MBTableGrid" */ = {
			isa = XCConfigurationList;
			buildConfigurations = (
				C01FCF4F08A954540054247B /* Debug */,
				C01FCF5008A954540054247B /* Release */,
			);
			defaultConfigurationIsVisible = 0;
			defaultConfigurationName = Release;
		};
		E2E62BB71781C33500F36275 /* Build configuration list for PBXNativeTarget "MBTableGrid" */ = {
			isa = XCConfigurationList;
			buildConfigurations = (
				E2E62BB81781C33500F36275 /* Debug */,
				E2E62BB91781C33500F36275 /* Release */,
			);
			defaultConfigurationIsVisible = 0;
		};
/* End XCConfigurationList section */
	};
	rootObject = 29B97313FDCFA39411CA2CEA /* Project object */;
}
